// !$*UTF8*$!
{
	archiveVersion = 1;
	classes = {
	};
	objectVersion = 46;
	objects = {

/* Begin PBXBuildFile section */
		B60E52F11ABFB0CB0019505B /* main.m in Sources */ = {isa = PBXBuildFile; fileRef = B60E52F01ABFB0CB0019505B /* main.m */; };
		B60E52F41ABFB0CB0019505B /* AppDelegate.m in Sources */ = {isa = PBXBuildFile; fileRef = B60E52F31ABFB0CB0019505B /* AppDelegate.m */; };
		B60E52F71ABFB0CB0019505B /* ViewController.m in Sources */ = {isa = PBXBuildFile; fileRef = B60E52F61ABFB0CB0019505B /* ViewController.m */; };
		B60E52FA1ABFB0CB0019505B /* Main.storyboard in Resources */ = {isa = PBXBuildFile; fileRef = B60E52F81ABFB0CB0019505B /* Main.storyboard */; };
		B60E52FC1ABFB0CB0019505B /* Images.xcassets in Resources */ = {isa = PBXBuildFile; fileRef = B60E52FB1ABFB0CB0019505B /* Images.xcassets */; };
		B60E52FF1ABFB0CB0019505B /* LaunchScreen.xib in Resources */ = {isa = PBXBuildFile; fileRef = B60E52FD1ABFB0CB0019505B /* LaunchScreen.xib */; };
		B60E530B1ABFB0CC0019505B /* WGTD_Radio_AppTests.m in Sources */ = {isa = PBXBuildFile; fileRef = B60E530A1ABFB0CC0019505B /* WGTD_Radio_AppTests.m */; };
/* End PBXBuildFile section */

/* Begin PBXContainerItemProxy section */
		B60E53051ABFB0CB0019505B /* PBXContainerItemProxy */ = {
			isa = PBXContainerItemProxy;
			containerPortal = B60E52E31ABFB0CB0019505B /* Project object */;
			proxyType = 1;
			remoteGlobalIDString = B60E52EA1ABFB0CB0019505B;
			remoteInfo = "WGTD Radio App";
		};
/* End PBXContainerItemProxy section */

/* Begin PBXFileReference section */
		B60E52EB1ABFB0CB0019505B /* WGTD Radio App.app */ = {isa = PBXFileReference; explicitFileType = wrapper.application; includeInIndex = 0; path = "WGTD Radio App.app"; sourceTree = BUILT_PRODUCTS_DIR; };
		B60E52EF1ABFB0CB0019505B /* Info.plist */ = {isa = PBXFileReference; lastKnownFileType = text.plist.xml; path = Info.plist; sourceTree = "<group>"; };
		B60E52F01ABFB0CB0019505B /* main.m */ = {isa = PBXFileReference; lastKnownFileType = sourcecode.c.objc; path = main.m; sourceTree = "<group>"; };
		B60E52F21ABFB0CB0019505B /* AppDelegate.h */ = {isa = PBXFileReference; lastKnownFileType = sourcecode.c.h; path = AppDelegate.h; sourceTree = "<group>"; };
		B60E52F31ABFB0CB0019505B /* AppDelegate.m */ = {isa = PBXFileReference; lastKnownFileType = sourcecode.c.objc; path = AppDelegate.m; sourceTree = "<group>"; };
		B60E52F51ABFB0CB0019505B /* ViewController.h */ = {isa = PBXFileReference; lastKnownFileType = sourcecode.c.h; path = ViewController.h; sourceTree = "<group>"; };
		B60E52F61ABFB0CB0019505B /* ViewController.m */ = {isa = PBXFileReference; lastKnownFileType = sourcecode.c.objc; path = ViewController.m; sourceTree = "<group>"; };
		B60E52F91ABFB0CB0019505B /* Base */ = {isa = PBXFileReference; lastKnownFileType = file.storyboard; name = Base; path = Base.lproj/Main.storyboard; sourceTree = "<group>"; };
		B60E52FB1ABFB0CB0019505B /* Images.xcassets */ = {isa = PBXFileReference; lastKnownFileType = folder.assetcatalog; path = Images.xcassets; sourceTree = "<group>"; };
		B60E52FE1ABFB0CB0019505B /* Base */ = {isa = PBXFileReference; lastKnownFileType = file.xib; name = Base; path = Base.lproj/LaunchScreen.xib; sourceTree = "<group>"; };
		B60E53041ABFB0CB0019505B /* WGTD Radio AppTests.xctest */ = {isa = PBXFileReference; explicitFileType = wrapper.cfbundle; includeInIndex = 0; path = "WGTD Radio AppTests.xctest"; sourceTree = BUILT_PRODUCTS_DIR; };
		B60E53091ABFB0CC0019505B /* Info.plist */ = {isa = PBXFileReference; lastKnownFileType = text.plist.xml; path = Info.plist; sourceTree = "<group>"; };
		B60E530A1ABFB0CC0019505B /* WGTD_Radio_AppTests.m */ = {isa = PBXFileReference; lastKnownFileType = sourcecode.c.objc; path = WGTD_Radio_AppTests.m; sourceTree = "<group>"; };
/* End PBXFileReference section */

/* Begin PBXFrameworksBuildPhase section */
		B60E52E81ABFB0CB0019505B /* Frameworks */ = {
			isa = PBXFrameworksBuildPhase;
			buildActionMask = 2147483647;
			files = (
			);
			runOnlyForDeploymentPostprocessing = 0;
		};
		B60E53011ABFB0CB0019505B /* Frameworks */ = {
			isa = PBXFrameworksBuildPhase;
			buildActionMask = 2147483647;
			files = (
			);
			runOnlyForDeploymentPostprocessing = 0;
		};
/* End PBXFrameworksBuildPhase section */

/* Begin PBXGroup section */
		B60E52E21ABFB0CB0019505B = {
			isa = PBXGroup;
			children = (
				B60E52ED1ABFB0CB0019505B /* WGTD Radio App */,
				B60E53071ABFB0CC0019505B /* WGTD Radio AppTests */,
				B60E52EC1ABFB0CB0019505B /* Products */,
			);
			sourceTree = "<group>";
		};
		B60E52EC1ABFB0CB0019505B /* Products */ = {
			isa = PBXGroup;
			children = (
				B60E52EB1ABFB0CB0019505B /* WGTD Radio App.app */,
				B60E53041ABFB0CB0019505B /* WGTD Radio AppTests.xctest */,
			);
			name = Products;
			sourceTree = "<group>";
		};
		B60E52ED1ABFB0CB0019505B /* WGTD Radio App */ = {
			isa = PBXGroup;
			children = (
				B60E52F21ABFB0CB0019505B /* AppDelegate.h */,
				B60E52F31ABFB0CB0019505B /* AppDelegate.m */,
				B60E52F51ABFB0CB0019505B /* ViewController.h */,
				B60E52F61ABFB0CB0019505B /* ViewController.m */,
				B60E52F81ABFB0CB0019505B /* Main.storyboard */,
				B60E52FB1ABFB0CB0019505B /* Images.xcassets */,
				B60E52FD1ABFB0CB0019505B /* LaunchScreen.xib */,
				B60E52EE1ABFB0CB0019505B /* Supporting Files */,
			);
			path = "WGTD Radio App";
			sourceTree = "<group>";
		};
		B60E52EE1ABFB0CB0019505B /* Supporting Files */ = {
			isa = PBXGroup;
			children = (
				B60E52EF1ABFB0CB0019505B /* Info.plist */,
				B60E52F01ABFB0CB0019505B /* main.m */,
			);
			name = "Supporting Files";
			sourceTree = "<group>";
		};
		B60E53071ABFB0CC0019505B /* WGTD Radio AppTests */ = {
			isa = PBXGroup;
			children = (
				B60E530A1ABFB0CC0019505B /* WGTD_Radio_AppTests.m */,
				B60E53081ABFB0CC0019505B /* Supporting Files */,
			);
			path = "WGTD Radio AppTests";
			sourceTree = "<group>";
		};
		B60E53081ABFB0CC0019505B /* Supporting Files */ = {
			isa = PBXGroup;
			children = (
				B60E53091ABFB0CC0019505B /* Info.plist */,
			);
			name = "Supporting Files";
			sourceTree = "<group>";
		};
/* End PBXGroup section */

/* Begin PBXNativeTarget section */
		B60E52EA1ABFB0CB0019505B /* WGTD Radio App */ = {
			isa = PBXNativeTarget;
			buildConfigurationList = B60E530E1ABFB0CC0019505B /* Build configuration list for PBXNativeTarget "WGTD Radio App" */;
			buildPhases = (
				B60E52E71ABFB0CB0019505B /* Sources */,
				B60E52E81ABFB0CB0019505B /* Frameworks */,
				B60E52E91ABFB0CB0019505B /* Resources */,
			);
			buildRules = (
			);
			dependencies = (
			);
			name = "WGTD Radio App";
			productName = "WGTD Radio App";
			productReference = B60E52EB1ABFB0CB0019505B /* WGTD Radio App.app */;
			productType = "com.apple.product-type.application";
		};
		B60E53031ABFB0CB0019505B /* WGTD Radio AppTests */ = {
			isa = PBXNativeTarget;
			buildConfigurationList = B60E53111ABFB0CC0019505B /* Build configuration list for PBXNativeTarget "WGTD Radio AppTests" */;
			buildPhases = (
				B60E53001ABFB0CB0019505B /* Sources */,
				B60E53011ABFB0CB0019505B /* Frameworks */,
				B60E53021ABFB0CB0019505B /* Resources */,
			);
			buildRules = (
			);
			dependencies = (
				B60E53061ABFB0CB0019505B /* PBXTargetDependency */,
			);
			name = "WGTD Radio AppTests";
			productName = "WGTD Radio AppTests";
			productReference = B60E53041ABFB0CB0019505B /* WGTD Radio AppTests.xctest */;
			productType = "com.apple.product-type.bundle.unit-test";
		};
/* End PBXNativeTarget section */

/* Begin PBXProject section */
		B60E52E31ABFB0CB0019505B /* Project object */ = {
			isa = PBXProject;
			attributes = {
				LastUpgradeCheck = 0620;
				ORGANIZATIONNAME = "University Of Wiscosnin Parkside";
				TargetAttributes = {
					B60E52EA1ABFB0CB0019505B = {
						CreatedOnToolsVersion = 6.2;
					};
					B60E53031ABFB0CB0019505B = {
						CreatedOnToolsVersion = 6.2;
						TestTargetID = B60E52EA1ABFB0CB0019505B;
					};
				};
			};
			buildConfigurationList = B60E52E61ABFB0CB0019505B /* Build configuration list for PBXProject "WGTD Radio App" */;
			compatibilityVersion = "Xcode 3.2";
			developmentRegion = English;
			hasScannedForEncodings = 0;
			knownRegions = (
				en,
				Base,
			);
			mainGroup = B60E52E21ABFB0CB0019505B;
			productRefGroup = B60E52EC1ABFB0CB0019505B /* Products */;
			projectDirPath = "";
			projectRoot = "";
			targets = (
				B60E52EA1ABFB0CB0019505B /* WGTD Radio App */,
				B60E53031ABFB0CB0019505B /* WGTD Radio AppTests */,
			);
		};
/* End PBXProject section */

/* Begin PBXResourcesBuildPhase section */
		B60E52E91ABFB0CB0019505B /* Resources */ = {
			isa = PBXResourcesBuildPhase;
			buildActionMask = 2147483647;
			files = (
				B60E52FA1ABFB0CB0019505B /* Main.storyboard in Resources */,
				B60E52FF1ABFB0CB0019505B /* LaunchScreen.xib in Resources */,
				B60E52FC1ABFB0CB0019505B /* Images.xcassets in Resources */,
			);
			runOnlyForDeploymentPostprocessing = 0;
		};
		B60E53021ABFB0CB0019505B /* Resources */ = {
			isa = PBXResourcesBuildPhase;
			buildActionMask = 2147483647;
			files = (
			);
			runOnlyForDeploymentPostprocessing = 0;
		};
/* End PBXResourcesBuildPhase section */

/* Begin PBXSourcesBuildPhase section */
		B60E52E71ABFB0CB0019505B /* Sources */ = {
			isa = PBXSourcesBuildPhase;
			buildActionMask = 2147483647;
			files = (
				B60E52F71ABFB0CB0019505B /* ViewController.m in Sources */,
				B60E52F41ABFB0CB0019505B /* AppDelegate.m in Sources */,
				B60E52F11ABFB0CB0019505B /* main.m in Sources */,
			);
			runOnlyForDeploymentPostprocessing = 0;
		};
		B60E53001ABFB0CB0019505B /* Sources */ = {
			isa = PBXSourcesBuildPhase;
			buildActionMask = 2147483647;
			files = (
				B60E530B1ABFB0CC0019505B /* WGTD_Radio_AppTests.m in Sources */,
			);
			runOnlyForDeploymentPostprocessing = 0;
		};
/* End PBXSourcesBuildPhase section */

/* Begin PBXTargetDependency section */
		B60E53061ABFB0CB0019505B /* PBXTargetDependency */ = {
			isa = PBXTargetDependency;
			target = B60E52EA1ABFB0CB0019505B /* WGTD Radio App */;
			targetProxy = B60E53051ABFB0CB0019505B /* PBXContainerItemProxy */;
		};
/* End PBXTargetDependency section */

/* Begin PBXVariantGroup section */
		B60E52F81ABFB0CB0019505B /* Main.storyboard */ = {
			isa = PBXVariantGroup;
			children = (
				B60E52F91ABFB0CB0019505B /* Base */,
			);
			name = Main.storyboard;
			sourceTree = "<group>";
		};
		B60E52FD1ABFB0CB0019505B /* LaunchScreen.xib */ = {
			isa = PBXVariantGroup;
			children = (
				B60E52FE1ABFB0CB0019505B /* Base */,
			);
			name = LaunchScreen.xib;
			sourceTree = "<group>";
		};
/* End PBXVariantGroup section */

/* Begin XCBuildConfiguration section */
		B60E530C1ABFB0CC0019505B /* Debug */ = {
			isa = XCBuildConfiguration;
			buildSettings = {
				ALWAYS_SEARCH_USER_PATHS = NO;
				CLANG_CXX_LANGUAGE_STANDARD = "gnu++0x";
				CLANG_CXX_LIBRARY = "libc++";
				CLANG_ENABLE_MODULES = YES;
				CLANG_ENABLE_OBJC_ARC = YES;
				CLANG_WARN_BOOL_CONVERSION = YES;
				CLANG_WARN_CONSTANT_CONVERSION = YES;
				CLANG_WARN_DIRECT_OBJC_ISA_USAGE = YES_ERROR;
				CLANG_WARN_EMPTY_BODY = YES;
				CLANG_WARN_ENUM_CONVERSION = YES;
				CLANG_WARN_INT_CONVERSION = YES;
				CLANG_WARN_OBJC_ROOT_CLASS = YES_ERROR;
				CLANG_WARN_UNREACHABLE_CODE = YES;
				CLANG_WARN__DUPLICATE_METHOD_MATCH = YES;
				"CODE_SIGN_IDENTITY[sdk=iphoneos*]" = "iPhone Developer";
				COPY_PHASE_STRIP = NO;
				ENABLE_STRICT_OBJC_MSGSEND = YES;
				GCC_C_LANGUAGE_STANDARD = gnu99;
				GCC_DYNAMIC_NO_PIC = NO;
				GCC_OPTIMIZATION_LEVEL = 0;
				GCC_PREPROCESSOR_DEFINITIONS = (
					"DEBUG=1",
					"$(inherited)",
				);
				GCC_SYMBOLS_PRIVATE_EXTERN = NO;
				GCC_WARN_64_TO_32_BIT_CONVERSION = YES;
				GCC_WARN_ABOUT_RETURN_TYPE = YES_ERROR;
				GCC_WARN_UNDECLARED_SELECTOR = YES;
				GCC_WARN_UNINITIALIZED_AUTOS = YES_AGGRESSIVE;
				GCC_WARN_UNUSED_FUNCTION = YES;
				GCC_WARN_UNUSED_VARIABLE = YES;
				IPHONEOS_DEPLOYMENT_TARGET = 8.2;
				MTL_ENABLE_DEBUG_INFO = YES;
				ONLY_ACTIVE_ARCH = YES;
				SDKROOT = iphoneos;
			};
			name = Debug;
		};
		B60E530D1ABFB0CC0019505B /* Release */ = {
			isa = XCBuildConfiguration;
			buildSettings = {
				ALWAYS_SEARCH_USER_PATHS = NO;
				CLANG_CXX_LANGUAGE_STANDARD = "gnu++0x";
				CLANG_CXX_LIBRARY = "libc++";
				CLANG_ENABLE_MODULES = YES;
				CLANG_ENABLE_OBJC_ARC = YES;
				CLANG_WARN_BOOL_CONVERSION = YES;
				CLANG_WARN_CONSTANT_CONVERSION = YES;
				CLANG_WARN_DIRECT_OBJC_ISA_USAGE = YES_ERROR;
				CLANG_WARN_EMPTY_BODY = YES;
				CLANG_WARN_ENUM_CONVERSION = YES;
				CLANG_WARN_INT_CONVERSION = YES;
				CLANG_WARN_OBJC_ROOT_CLASS = YES_ERROR;
				CLANG_WARN_UNREACHABLE_CODE = YES;
				CLANG_WARN__DUPLICATE_METHOD_MATCH = YES;
				"CODE_SIGN_IDENTITY[sdk=iphoneos*]" = "iPhone Developer";
				COPY_PHASE_STRIP = NO;
				ENABLE_NS_ASSERTIONS = NO;
				ENABLE_STRICT_OBJC_MSGSEND = YES;
				GCC_C_LANGUAGE_STANDARD = gnu99;
				GCC_WARN_64_TO_32_BIT_CONVERSION = YES;
				GCC_WARN_ABOUT_RETURN_TYPE = YES_ERROR;
				GCC_WARN_UNDECLARED_SELECTOR = YES;
				GCC_WARN_UNINITIALIZED_AUTOS = YES_AGGRESSIVE;
				GCC_WARN_UNUSED_FUNCTION = YES;
				GCC_WARN_UNUSED_VARIABLE = YES;
				IPHONEOS_DEPLOYMENT_TARGET = 8.2;
				MTL_ENABLE_DEBUG_INFO = NO;
				SDKROOT = iphoneos;
				VALIDATE_PRODUCT = YES;
			};
			name = Release;
		};
		B60E530F1ABFB0CC0019505B /* Debug */ = {
			isa = XCBuildConfiguration;
			buildSettings = {
				ASSETCATALOG_COMPILER_APPICON_NAME = AppIcon;
				INFOPLIST_FILE = "WGTD Radio App/Info.plist";
				LD_RUNPATH_SEARCH_PATHS = "$(inherited) @executable_path/Frameworks";
				PRODUCT_NAME = "$(TARGET_NAME)";
			};
			name = Debug;
		};
		B60E53101ABFB0CC0019505B /* Release */ = {
			isa = XCBuildConfiguration;
			buildSettings = {
				ASSETCATALOG_COMPILER_APPICON_NAME = AppIcon;
				INFOPLIST_FILE = "WGTD Radio App/Info.plist";
				LD_RUNPATH_SEARCH_PATHS = "$(inherited) @executable_path/Frameworks";
				PRODUCT_NAME = "$(TARGET_NAME)";
			};
			name = Release;
		};
		B60E53121ABFB0CC0019505B /* Debug */ = {
			isa = XCBuildConfiguration;
			buildSettings = {
				BUNDLE_LOADER = "$(TEST_HOST)";
				FRAMEWORK_SEARCH_PATHS = (
					"$(SDKROOT)/Developer/Library/Frameworks",
					"$(inherited)",
				);
				GCC_PREPROCESSOR_DEFINITIONS = (
					"DEBUG=1",
					"$(inherited)",
				);
				INFOPLIST_FILE = "WGTD Radio AppTests/Info.plist";
				LD_RUNPATH_SEARCH_PATHS = "$(inherited) @executable_path/Frameworks @loader_path/Frameworks";
				PRODUCT_NAME = "$(TARGET_NAME)";
				TEST_HOST = "$(BUILT_PRODUCTS_DIR)/WGTD Radio App.app/WGTD Radio App";
			};
			name = Debug;
		};
		B60E53131ABFB0CC0019505B /* Release */ = {
			isa = XCBuildConfiguration;
			buildSettings = {
				BUNDLE_LOADER = "$(TEST_HOST)";
				FRAMEWORK_SEARCH_PATHS = (
					"$(SDKROOT)/Developer/Library/Frameworks",
					"$(inherited)",
				);
				INFOPLIST_FILE = "WGTD Radio AppTests/Info.plist";
				LD_RUNPATH_SEARCH_PATHS = "$(inherited) @executable_path/Frameworks @loader_path/Frameworks";
				PRODUCT_NAME = "$(TARGET_NAME)";
				TEST_HOST = "$(BUILT_PRODUCTS_DIR)/WGTD Radio App.app/WGTD Radio App";
			};
			name = Release;
		};
/* End XCBuildConfiguration section */

/* Begin XCConfigurationList section */
		B60E52E61ABFB0CB0019505B /* Build configuration list for PBXProject "WGTD Radio App" */ = {
			isa = XCConfigurationList;
			buildConfigurations = (
				B60E530C1ABFB0CC0019505B /* Debug */,
				B60E530D1ABFB0CC0019505B /* Release */,
			);
			defaultConfigurationIsVisible = 0;
			defaultConfigurationName = Release;
		};
		B60E530E1ABFB0CC0019505B /* Build configuration list for PBXNativeTarget "WGTD Radio App" */ = {
			isa = XCConfigurationList;
			buildConfigurations = (
				B60E530F1ABFB0CC0019505B /* Debug */,
				B60E53101ABFB0CC0019505B /* Release */,
			);
			defaultConfigurationIsVisible = 0;
		};
		B60E53111ABFB0CC0019505B /* Build configuration list for PBXNativeTarget "WGTD Radio AppTests" */ = {
			isa = XCConfigurationList;
			buildConfigurations = (
				B60E53121ABFB0CC0019505B /* Debug */,
				B60E53131ABFB0CC0019505B /* Release */,
			);
			defaultConfigurationIsVisible = 0;
		};
/* End XCConfigurationList section */
	};
	rootObject = B60E52E31ABFB0CB0019505B /* Project object */;
}
