// !$*UTF8*$!
{
	archiveVersion = 1;
	classes = {
	};
	objectVersion = 46;
	objects = {

/* Begin PBXBuildFile section */
		B60651FA1AC31550008300D8 /* InfoViewController.m in Sources */ = {isa = PBXBuildFile; fileRef = B60651F91AC31550008300D8 /* InfoViewController.m */; };
		B609C7181B27BF890093EB04 /* CoreData.framework in Frameworks */ = {isa = PBXBuildFile; fileRef = B609C7171B27BF890093EB04 /* CoreData.framework */; };
		B609C71A1B27BF900093EB04 /* SystemConfiguration.framework in Frameworks */ = {isa = PBXBuildFile; fileRef = B609C7191B27BF900093EB04 /* SystemConfiguration.framework */; };
		B609C71C1B27BFA00093EB04 /* libz.dylib in Frameworks */ = {isa = PBXBuildFile; fileRef = B609C71B1B27BFA00093EB04 /* libz.dylib */; };
		B609C71E1B27BFAE0093EB04 /* libsqlite3.dylib in Frameworks */ = {isa = PBXBuildFile; fileRef = B609C71D1B27BFAE0093EB04 /* libsqlite3.dylib */; };
		B60E36791B0FF73F004C142C /* audio_queue.cpp in Sources */ = {isa = PBXBuildFile; fileRef = B60E36671B0FF73F004C142C /* audio_queue.cpp */; };
		B60E367A1B0FF73F004C142C /* audio_stream.cpp in Sources */ = {isa = PBXBuildFile; fileRef = B60E36691B0FF73F004C142C /* audio_stream.cpp */; };
		B60E367B1B0FF73F004C142C /* caching_stream.cpp in Sources */ = {isa = PBXBuildFile; fileRef = B60E366B1B0FF73F004C142C /* caching_stream.cpp */; };
		B60E367C1B0FF73F004C142C /* file_output.cpp in Sources */ = {isa = PBXBuildFile; fileRef = B60E366D1B0FF73F004C142C /* file_output.cpp */; };
		B60E367D1B0FF73F004C142C /* file_stream.cpp in Sources */ = {isa = PBXBuildFile; fileRef = B60E366F1B0FF73F004C142C /* file_stream.cpp */; };
		B60E367E1B0FF73F004C142C /* http_stream.cpp in Sources */ = {isa = PBXBuildFile; fileRef = B60E36711B0FF73F004C142C /* http_stream.cpp */; };
		B60E367F1B0FF73F004C142C /* id3_parser.cpp in Sources */ = {isa = PBXBuildFile; fileRef = B60E36731B0FF73F004C142C /* id3_parser.cpp */; };
		B60E36801B0FF73F004C142C /* input_stream.cpp in Sources */ = {isa = PBXBuildFile; fileRef = B60E36751B0FF73F004C142C /* input_stream.cpp */; };
		B60E36811B0FF73F004C142C /* stream_configuration.cpp in Sources */ = {isa = PBXBuildFile; fileRef = B60E36771B0FF73F004C142C /* stream_configuration.cpp */; };
		B60E36911B0FF748004C142C /* FSAudioController.m in Sources */ = {isa = PBXBuildFile; fileRef = B60E36841B0FF748004C142C /* FSAudioController.m */; };
		B60E36921B0FF748004C142C /* FSAudioStream.mm in Sources */ = {isa = PBXBuildFile; fileRef = B60E36861B0FF748004C142C /* FSAudioStream.mm */; };
		B60E36931B0FF748004C142C /* FSCheckContentTypeRequest.m in Sources */ = {isa = PBXBuildFile; fileRef = B60E36881B0FF748004C142C /* FSCheckContentTypeRequest.m */; };
		B60E36941B0FF748004C142C /* FSParsePlaylistRequest.m in Sources */ = {isa = PBXBuildFile; fileRef = B60E368A1B0FF748004C142C /* FSParsePlaylistRequest.m */; };
		B60E36951B0FF748004C142C /* FSParseRssPodcastFeedRequest.m in Sources */ = {isa = PBXBuildFile; fileRef = B60E368C1B0FF748004C142C /* FSParseRssPodcastFeedRequest.m */; };
		B60E36961B0FF748004C142C /* FSPlaylistItem.m in Sources */ = {isa = PBXBuildFile; fileRef = B60E368E1B0FF748004C142C /* FSPlaylistItem.m */; };
		B60E36971B0FF748004C142C /* FSXMLHttpRequest.m in Sources */ = {isa = PBXBuildFile; fileRef = B60E36901B0FF748004C142C /* FSXMLHttpRequest.m */; };
		B60E36991B0FFA49004C142C /* CFNetwork.framework in Frameworks */ = {isa = PBXBuildFile; fileRef = B60E36981B0FFA49004C142C /* CFNetwork.framework */; };
		B60E369B1B0FFAAD004C142C /* libxml2.dylib in Frameworks */ = {isa = PBXBuildFile; fileRef = B60E369A1B0FFAAD004C142C /* libxml2.dylib */; };
		B60E369D1B0FFABB004C142C /* MediaPlayer.framework in Frameworks */ = {isa = PBXBuildFile; fileRef = B60E369C1B0FFABB004C142C /* MediaPlayer.framework */; };
		B60E36A21B0FFFE5004C142C /* Reachability.m in Sources */ = {isa = PBXBuildFile; fileRef = B60E36A11B0FFFE5004C142C /* Reachability.m */; };
		B60E36AE1B1281F4004C142C /* JFMinimalNotification.m in Sources */ = {isa = PBXBuildFile; fileRef = B60E36A51B1281F4004C142C /* JFMinimalNotification.m */; };
		B60E36AF1B1281F4004C142C /* JFMinimalNotificationArt.m in Sources */ = {isa = PBXBuildFile; fileRef = B60E36A71B1281F4004C142C /* JFMinimalNotificationArt.m */; };
		B60E36B01B1281F4004C142C /* NSInvocation+Constructors.m in Sources */ = {isa = PBXBuildFile; fileRef = B60E36A91B1281F4004C142C /* NSInvocation+Constructors.m */; };
		B60E36B11B1281F4004C142C /* UIColor+JFMinimalNotificationColors.m in Sources */ = {isa = PBXBuildFile; fileRef = B60E36AB1B1281F4004C142C /* UIColor+JFMinimalNotificationColors.m */; };
		B60E36B21B1281F4004C142C /* UIView+Round.m in Sources */ = {isa = PBXBuildFile; fileRef = B60E36AD1B1281F4004C142C /* UIView+Round.m */; };
		B60E36B41B13CA84004C142C /* broadwave (2).m3u in Resources */ = {isa = PBXBuildFile; fileRef = B60E36B31B13CA84004C142C /* broadwave (2).m3u */; };
		B60E36B61B13CAFE004C142C /* Sportsweb.m3u in Resources */ = {isa = PBXBuildFile; fileRef = B60E36B51B13CAFE004C142C /* Sportsweb.m3u */; };
		B60E52F11ABFB0CB0019505B /* main.m in Sources */ = {isa = PBXBuildFile; fileRef = B60E52F01ABFB0CB0019505B /* main.m */; };
		B60E52F41ABFB0CB0019505B /* AppDelegate.m in Sources */ = {isa = PBXBuildFile; fileRef = B60E52F31ABFB0CB0019505B /* AppDelegate.m */; };
		B60E52F71ABFB0CB0019505B /* ViewController.m in Sources */ = {isa = PBXBuildFile; fileRef = B60E52F61ABFB0CB0019505B /* ViewController.m */; };
		B60E52FA1ABFB0CB0019505B /* Main.storyboard in Resources */ = {isa = PBXBuildFile; fileRef = B60E52F81ABFB0CB0019505B /* Main.storyboard */; };
		B60E52FC1ABFB0CB0019505B /* Images.xcassets in Resources */ = {isa = PBXBuildFile; fileRef = B60E52FB1ABFB0CB0019505B /* Images.xcassets */; };
		B60E52FF1ABFB0CB0019505B /* LaunchScreen.xib in Resources */ = {isa = PBXBuildFile; fileRef = B60E52FD1ABFB0CB0019505B /* LaunchScreen.xib */; };
		B60E53511ABFB96D0019505B /* AVFoundation.framework in Frameworks */ = {isa = PBXBuildFile; fileRef = B60E53501ABFB96D0019505B /* AVFoundation.framework */; };
		B60E53531ABFB97A0019505B /* GLKit.framework in Frameworks */ = {isa = PBXBuildFile; fileRef = B60E53521ABFB97A0019505B /* GLKit.framework */; };
		B60E53551ABFB9800019505B /* AudioToolbox.framework in Frameworks */ = {isa = PBXBuildFile; fileRef = B60E53541ABFB9800019505B /* AudioToolbox.framework */; };
		B60E53571ABFB98B0019505B /* CoreGraphics.framework in Frameworks */ = {isa = PBXBuildFile; fileRef = B60E53561ABFB98B0019505B /* CoreGraphics.framework */; };
		B60E53591ABFB9940019505B /* UIKit.framework in Frameworks */ = {isa = PBXBuildFile; fileRef = B60E53581ABFB9940019505B /* UIKit.framework */; };
		B60E535B1ABFB99A0019505B /* Foundation.framework in Frameworks */ = {isa = PBXBuildFile; fileRef = B60E535A1ABFB9990019505B /* Foundation.framework */; };
		B60E53B51ABFE14A0019505B /* NSMutableArray+STKAudioPlayer.m in Sources */ = {isa = PBXBuildFile; fileRef = B60E53A31ABFE14A0019505B /* NSMutableArray+STKAudioPlayer.m */; };
		B60E53B61ABFE14A0019505B /* STKAudioPlayer.m in Sources */ = {isa = PBXBuildFile; fileRef = B60E53A51ABFE14A0019505B /* STKAudioPlayer.m */; };
		B60E53B71ABFE14A0019505B /* STKAutoRecoveringHTTPDataSource.m in Sources */ = {isa = PBXBuildFile; fileRef = B60E53A71ABFE14A0019505B /* STKAutoRecoveringHTTPDataSource.m */; };
		B60E53B81ABFE14A0019505B /* STKCoreFoundationDataSource.m in Sources */ = {isa = PBXBuildFile; fileRef = B60E53A91ABFE14A0019505B /* STKCoreFoundationDataSource.m */; };
		B60E53B91ABFE14A0019505B /* STKDataSource.m in Sources */ = {isa = PBXBuildFile; fileRef = B60E53AB1ABFE14A0019505B /* STKDataSource.m */; };
		B60E53BA1ABFE14A0019505B /* STKDataSourceWrapper.m in Sources */ = {isa = PBXBuildFile; fileRef = B60E53AD1ABFE14A0019505B /* STKDataSourceWrapper.m */; };
		B60E53BB1ABFE14A0019505B /* STKHTTPDataSource.m in Sources */ = {isa = PBXBuildFile; fileRef = B60E53AF1ABFE14A0019505B /* STKHTTPDataSource.m */; };
		B60E53BC1ABFE14A0019505B /* STKLocalFileDataSource.m in Sources */ = {isa = PBXBuildFile; fileRef = B60E53B11ABFE14A0019505B /* STKLocalFileDataSource.m */; };
		B60E53BD1ABFE14A0019505B /* STKQueueEntry.m in Sources */ = {isa = PBXBuildFile; fileRef = B60E53B31ABFE14A0019505B /* STKQueueEntry.m */; };
		B60E53C31ABFF01E0019505B /* WaveView.m in Sources */ = {isa = PBXBuildFile; fileRef = B60E53C21ABFF01E0019505B /* WaveView.m */; };
		B60E53C51ABFFF440019505B /* stream.m3u in Resources */ = {isa = PBXBuildFile; fileRef = B60E53C41ABFFF440019505B /* stream.m3u */; };
		B63F05971ADB0E450040168F /* broadwave.m3u in Resources */ = {isa = PBXBuildFile; fileRef = B63F05961ADB0E450040168F /* broadwave.m3u */; };
		B63F05991ADB0E4A0040168F /* broadwave (1).m3u in Resources */ = {isa = PBXBuildFile; fileRef = B63F05981ADB0E4A0040168F /* broadwave (1).m3u */; };
		B6DC26851BABB9830056AD3C /* Networking.m in Sources */ = {isa = PBXBuildFile; fileRef = B6DC26841BABB9830056AD3C /* Networking.m */; };
		B6DC26891BABFD0F0056AD3C /* XMLDictionary.m in Sources */ = {isa = PBXBuildFile; fileRef = B6DC26881BABFD0F0056AD3C /* XMLDictionary.m */; };
		B6FA9FED1BE9F34E00BC8F5F /* ChannelDropdown.swift in Sources */ = {isa = PBXBuildFile; fileRef = B6FA9FEC1BE9F34E00BC8F5F /* ChannelDropdown.swift */; };
		B6FCA8421BFCAAC90046178C /* STKLocalFileDataSource.m in Sources */ = {isa = PBXBuildFile; fileRef = B60E53B11ABFE14A0019505B /* STKLocalFileDataSource.m */; };
		B6FCA8431BFCAAC90046178C /* STKAutoRecoveringHTTPDataSource.m in Sources */ = {isa = PBXBuildFile; fileRef = B60E53A71ABFE14A0019505B /* STKAutoRecoveringHTTPDataSource.m */; };
		B6FCA8441BFCAAC90046178C /* WaveView.m in Sources */ = {isa = PBXBuildFile; fileRef = B60E53C21ABFF01E0019505B /* WaveView.m */; };
		B6FCA8451BFCAAC90046178C /* http_stream.cpp in Sources */ = {isa = PBXBuildFile; fileRef = B60E36711B0FF73F004C142C /* http_stream.cpp */; };
		B6FCA8461BFCAAC90046178C /* NSMutableArray+STKAudioPlayer.m in Sources */ = {isa = PBXBuildFile; fileRef = B60E53A31ABFE14A0019505B /* NSMutableArray+STKAudioPlayer.m */; };
		B6FCA8471BFCAAC90046178C /* XMLDictionary.m in Sources */ = {isa = PBXBuildFile; fileRef = B6DC26881BABFD0F0056AD3C /* XMLDictionary.m */; };
		B6FCA8481BFCAAC90046178C /* NSInvocation+Constructors.m in Sources */ = {isa = PBXBuildFile; fileRef = B60E36A91B1281F4004C142C /* NSInvocation+Constructors.m */; };
		B6FCA8491BFCAAC90046178C /* STKCoreFoundationDataSource.m in Sources */ = {isa = PBXBuildFile; fileRef = B60E53A91ABFE14A0019505B /* STKCoreFoundationDataSource.m */; };
		B6FCA84A1BFCAAC90046178C /* JFMinimalNotificationArt.m in Sources */ = {isa = PBXBuildFile; fileRef = B60E36A71B1281F4004C142C /* JFMinimalNotificationArt.m */; };
		B6FCA84B1BFCAAC90046178C /* FSPlaylistItem.m in Sources */ = {isa = PBXBuildFile; fileRef = B60E368E1B0FF748004C142C /* FSPlaylistItem.m */; };
		B6FCA84C1BFCAAC90046178C /* UIView+Round.m in Sources */ = {isa = PBXBuildFile; fileRef = B60E36AD1B1281F4004C142C /* UIView+Round.m */; };
		B6FCA84D1BFCAAC90046178C /* input_stream.cpp in Sources */ = {isa = PBXBuildFile; fileRef = B60E36751B0FF73F004C142C /* input_stream.cpp */; };
		B6FCA84E1BFCAAC90046178C /* audio_queue.cpp in Sources */ = {isa = PBXBuildFile; fileRef = B60E36671B0FF73F004C142C /* audio_queue.cpp */; };
		B6FCA84F1BFCAAC90046178C /* FSAudioStream.mm in Sources */ = {isa = PBXBuildFile; fileRef = B60E36861B0FF748004C142C /* FSAudioStream.mm */; };
		B6FCA8501BFCAAC90046178C /* ChannelDropdown.swift in Sources */ = {isa = PBXBuildFile; fileRef = B6FA9FEC1BE9F34E00BC8F5F /* ChannelDropdown.swift */; };
		B6FCA8511BFCAAC90046178C /* STKDataSourceWrapper.m in Sources */ = {isa = PBXBuildFile; fileRef = B60E53AD1ABFE14A0019505B /* STKDataSourceWrapper.m */; };
		B6FCA8521BFCAAC90046178C /* Networking.m in Sources */ = {isa = PBXBuildFile; fileRef = B6DC26841BABB9830056AD3C /* Networking.m */; };
		B6FCA8531BFCAAC90046178C /* Reachability.m in Sources */ = {isa = PBXBuildFile; fileRef = B60E36A11B0FFFE5004C142C /* Reachability.m */; };
		B6FCA8541BFCAAC90046178C /* ViewController.m in Sources */ = {isa = PBXBuildFile; fileRef = B60E52F61ABFB0CB0019505B /* ViewController.m */; };
		B6FCA8551BFCAAC90046178C /* STKHTTPDataSource.m in Sources */ = {isa = PBXBuildFile; fileRef = B60E53AF1ABFE14A0019505B /* STKHTTPDataSource.m */; };
		B6FCA8561BFCAAC90046178C /* FSParseRssPodcastFeedRequest.m in Sources */ = {isa = PBXBuildFile; fileRef = B60E368C1B0FF748004C142C /* FSParseRssPodcastFeedRequest.m */; };
		B6FCA8571BFCAAC90046178C /* file_stream.cpp in Sources */ = {isa = PBXBuildFile; fileRef = B60E366F1B0FF73F004C142C /* file_stream.cpp */; };
		B6FCA8581BFCAAC90046178C /* JFMinimalNotification.m in Sources */ = {isa = PBXBuildFile; fileRef = B60E36A51B1281F4004C142C /* JFMinimalNotification.m */; };
		B6FCA8591BFCAAC90046178C /* STKAudioPlayer.m in Sources */ = {isa = PBXBuildFile; fileRef = B60E53A51ABFE14A0019505B /* STKAudioPlayer.m */; };
		B6FCA85A1BFCAAC90046178C /* AppDelegate.m in Sources */ = {isa = PBXBuildFile; fileRef = B60E52F31ABFB0CB0019505B /* AppDelegate.m */; };
		B6FCA85B1BFCAAC90046178C /* FSCheckContentTypeRequest.m in Sources */ = {isa = PBXBuildFile; fileRef = B60E36881B0FF748004C142C /* FSCheckContentTypeRequest.m */; };
		B6FCA85C1BFCAAC90046178C /* FSXMLHttpRequest.m in Sources */ = {isa = PBXBuildFile; fileRef = B60E36901B0FF748004C142C /* FSXMLHttpRequest.m */; };
		B6FCA85D1BFCAAC90046178C /* stream_configuration.cpp in Sources */ = {isa = PBXBuildFile; fileRef = B60E36771B0FF73F004C142C /* stream_configuration.cpp */; };
		B6FCA85E1BFCAAC90046178C /* main.m in Sources */ = {isa = PBXBuildFile; fileRef = B60E52F01ABFB0CB0019505B /* main.m */; };
		B6FCA85F1BFCAAC90046178C /* file_output.cpp in Sources */ = {isa = PBXBuildFile; fileRef = B60E366D1B0FF73F004C142C /* file_output.cpp */; };
		B6FCA8601BFCAAC90046178C /* caching_stream.cpp in Sources */ = {isa = PBXBuildFile; fileRef = B60E366B1B0FF73F004C142C /* caching_stream.cpp */; };
		B6FCA8611BFCAAC90046178C /* UIColor+JFMinimalNotificationColors.m in Sources */ = {isa = PBXBuildFile; fileRef = B60E36AB1B1281F4004C142C /* UIColor+JFMinimalNotificationColors.m */; };
		B6FCA8621BFCAAC90046178C /* id3_parser.cpp in Sources */ = {isa = PBXBuildFile; fileRef = B60E36731B0FF73F004C142C /* id3_parser.cpp */; };
		B6FCA8631BFCAAC90046178C /* FSParsePlaylistRequest.m in Sources */ = {isa = PBXBuildFile; fileRef = B60E368A1B0FF748004C142C /* FSParsePlaylistRequest.m */; };
		B6FCA8641BFCAAC90046178C /* STKDataSource.m in Sources */ = {isa = PBXBuildFile; fileRef = B60E53AB1ABFE14A0019505B /* STKDataSource.m */; };
		B6FCA8651BFCAAC90046178C /* InfoViewController.m in Sources */ = {isa = PBXBuildFile; fileRef = B60651F91AC31550008300D8 /* InfoViewController.m */; };
		B6FCA8661BFCAAC90046178C /* FSAudioController.m in Sources */ = {isa = PBXBuildFile; fileRef = B60E36841B0FF748004C142C /* FSAudioController.m */; };
		B6FCA8671BFCAAC90046178C /* audio_stream.cpp in Sources */ = {isa = PBXBuildFile; fileRef = B60E36691B0FF73F004C142C /* audio_stream.cpp */; };
		B6FCA8681BFCAAC90046178C /* STKQueueEntry.m in Sources */ = {isa = PBXBuildFile; fileRef = B60E53B31ABFE14A0019505B /* STKQueueEntry.m */; };
		B6FCA86A1BFCAAC90046178C /* libsqlite3.dylib in Frameworks */ = {isa = PBXBuildFile; fileRef = B609C71D1B27BFAE0093EB04 /* libsqlite3.dylib */; };
		B6FCA86B1BFCAAC90046178C /* libz.dylib in Frameworks */ = {isa = PBXBuildFile; fileRef = B609C71B1B27BFA00093EB04 /* libz.dylib */; };
		B6FCA86C1BFCAAC90046178C /* SystemConfiguration.framework in Frameworks */ = {isa = PBXBuildFile; fileRef = B609C7191B27BF900093EB04 /* SystemConfiguration.framework */; };
		B6FCA86D1BFCAAC90046178C /* CoreData.framework in Frameworks */ = {isa = PBXBuildFile; fileRef = B609C7171B27BF890093EB04 /* CoreData.framework */; };
		B6FCA86E1BFCAAC90046178C /* MediaPlayer.framework in Frameworks */ = {isa = PBXBuildFile; fileRef = B60E369C1B0FFABB004C142C /* MediaPlayer.framework */; };
		B6FCA86F1BFCAAC90046178C /* libxml2.dylib in Frameworks */ = {isa = PBXBuildFile; fileRef = B60E369A1B0FFAAD004C142C /* libxml2.dylib */; };
		B6FCA8701BFCAAC90046178C /* CFNetwork.framework in Frameworks */ = {isa = PBXBuildFile; fileRef = B60E36981B0FFA49004C142C /* CFNetwork.framework */; };
		B6FCA8711BFCAAC90046178C /* Foundation.framework in Frameworks */ = {isa = PBXBuildFile; fileRef = B60E535A1ABFB9990019505B /* Foundation.framework */; };
		B6FCA8721BFCAAC90046178C /* UIKit.framework in Frameworks */ = {isa = PBXBuildFile; fileRef = B60E53581ABFB9940019505B /* UIKit.framework */; };
		B6FCA8731BFCAAC90046178C /* CoreGraphics.framework in Frameworks */ = {isa = PBXBuildFile; fileRef = B60E53561ABFB98B0019505B /* CoreGraphics.framework */; };
		B6FCA8741BFCAAC90046178C /* AudioToolbox.framework in Frameworks */ = {isa = PBXBuildFile; fileRef = B60E53541ABFB9800019505B /* AudioToolbox.framework */; };
		B6FCA8751BFCAAC90046178C /* GLKit.framework in Frameworks */ = {isa = PBXBuildFile; fileRef = B60E53521ABFB97A0019505B /* GLKit.framework */; };
		B6FCA8761BFCAAC90046178C /* AVFoundation.framework in Frameworks */ = {isa = PBXBuildFile; fileRef = B60E53501ABFB96D0019505B /* AVFoundation.framework */; };
		B6FCA8791BFCAAC90046178C /* Sportsweb.m3u in Resources */ = {isa = PBXBuildFile; fileRef = B60E36B51B13CAFE004C142C /* Sportsweb.m3u */; };
		B6FCA87A1BFCAAC90046178C /* broadwave (1).m3u in Resources */ = {isa = PBXBuildFile; fileRef = B63F05981ADB0E4A0040168F /* broadwave (1).m3u */; };
		B6FCA87B1BFCAAC90046178C /* stream.m3u in Resources */ = {isa = PBXBuildFile; fileRef = B60E53C41ABFFF440019505B /* stream.m3u */; };
		B6FCA87C1BFCAAC90046178C /* broadwave (2).m3u in Resources */ = {isa = PBXBuildFile; fileRef = B60E36B31B13CA84004C142C /* broadwave (2).m3u */; };
		B6FCA87D1BFCAAC90046178C /* broadwave.m3u in Resources */ = {isa = PBXBuildFile; fileRef = B63F05961ADB0E450040168F /* broadwave.m3u */; };
		B6FCA87F1BFCAAC90046178C /* Images.xcassets in Resources */ = {isa = PBXBuildFile; fileRef = B60E52FB1ABFB0CB0019505B /* Images.xcassets */; };
		B6FCA8871BFCABC10046178C /* TV Storyboard.storyboard in Resources */ = {isa = PBXBuildFile; fileRef = B6FCA8851BFCAAFF0046178C /* TV Storyboard.storyboard */; };
		B6FCA88B1BFCACCA0046178C /* TVViewController.swift in Sources */ = {isa = PBXBuildFile; fileRef = B6FCA88A1BFCACCA0046178C /* TVViewController.swift */; };
		C3452FA2F46E5051FE89AE3A /* libPods-WGTD.a in Frameworks */ = {isa = PBXBuildFile; fileRef = 2D0ED4B7B2A564BCAF96E0A9 /* libPods-WGTD.a */; };
		FE79ABEA32574EF45F817DAD /* libPods-WGTD TV.a in Frameworks */ = {isa = PBXBuildFile; fileRef = 773AC6C42C982D5AC6B96699 /* libPods-WGTD TV.a */; };
/* End PBXBuildFile section */

/* Begin PBXFileReference section */
		0F47E372659D20EE99F03F5A /* Pods.release.xcconfig */ = {isa = PBXFileReference; includeInIndex = 1; lastKnownFileType = text.xcconfig; name = Pods.release.xcconfig; path = "Pods/Target Support Files/Pods/Pods.release.xcconfig"; sourceTree = "<group>"; };
		2D0ED4B7B2A564BCAF96E0A9 /* libPods-WGTD.a */ = {isa = PBXFileReference; explicitFileType = archive.ar; includeInIndex = 0; path = "libPods-WGTD.a"; sourceTree = BUILT_PRODUCTS_DIR; };
		4BB05FFB022EA0E3C4ACDC19 /* libPods.a */ = {isa = PBXFileReference; explicitFileType = archive.ar; includeInIndex = 0; path = libPods.a; sourceTree = BUILT_PRODUCTS_DIR; };
		773AC6C42C982D5AC6B96699 /* libPods-WGTD TV.a */ = {isa = PBXFileReference; explicitFileType = archive.ar; includeInIndex = 0; path = "libPods-WGTD TV.a"; sourceTree = BUILT_PRODUCTS_DIR; };
		8C156E2C158C6F9BEF8D34E2 /* Pods.debug.xcconfig */ = {isa = PBXFileReference; includeInIndex = 1; lastKnownFileType = text.xcconfig; name = Pods.debug.xcconfig; path = "Pods/Target Support Files/Pods/Pods.debug.xcconfig"; sourceTree = "<group>"; };
		AEDC07FE91359C06D4A8527A /* Pods-WGTD.release.xcconfig */ = {isa = PBXFileReference; includeInIndex = 1; lastKnownFileType = text.xcconfig; name = "Pods-WGTD.release.xcconfig"; path = "Pods/Target Support Files/Pods-WGTD/Pods-WGTD.release.xcconfig"; sourceTree = "<group>"; };
		B60651F21AC31268008300D8 /* InfoViewController.h */ = {isa = PBXFileReference; fileEncoding = 4; lastKnownFileType = sourcecode.c.h; path = InfoViewController.h; sourceTree = "<group>"; };
		B60651F31AC31268008300D8 /* InfoViewController.m */ = {isa = PBXFileReference; fileEncoding = 4; lastKnownFileType = sourcecode.c.objc; path = InfoViewController.m; sourceTree = "<group>"; };
		B60651F81AC31550008300D8 /* InfoViewController.h */ = {isa = PBXFileReference; fileEncoding = 4; lastKnownFileType = sourcecode.c.h; path = InfoViewController.h; sourceTree = "<group>"; };
		B60651F91AC31550008300D8 /* InfoViewController.m */ = {isa = PBXFileReference; fileEncoding = 4; lastKnownFileType = sourcecode.c.objc; path = InfoViewController.m; sourceTree = "<group>"; };
		B609C7171B27BF890093EB04 /* CoreData.framework */ = {isa = PBXFileReference; lastKnownFileType = wrapper.framework; name = CoreData.framework; path = System/Library/Frameworks/CoreData.framework; sourceTree = SDKROOT; };
		B609C7191B27BF900093EB04 /* SystemConfiguration.framework */ = {isa = PBXFileReference; lastKnownFileType = wrapper.framework; name = SystemConfiguration.framework; path = System/Library/Frameworks/SystemConfiguration.framework; sourceTree = SDKROOT; };
		B609C71B1B27BFA00093EB04 /* libz.dylib */ = {isa = PBXFileReference; lastKnownFileType = "compiled.mach-o.dylib"; name = libz.dylib; path = usr/lib/libz.dylib; sourceTree = SDKROOT; };
		B609C71D1B27BFAE0093EB04 /* libsqlite3.dylib */ = {isa = PBXFileReference; lastKnownFileType = "compiled.mach-o.dylib"; name = libsqlite3.dylib; path = usr/lib/libsqlite3.dylib; sourceTree = SDKROOT; };
		B60E36671B0FF73F004C142C /* audio_queue.cpp */ = {isa = PBXFileReference; fileEncoding = 4; lastKnownFileType = sourcecode.cpp.cpp; path = audio_queue.cpp; sourceTree = "<group>"; };
		B60E36681B0FF73F004C142C /* audio_queue.h */ = {isa = PBXFileReference; fileEncoding = 4; lastKnownFileType = sourcecode.c.h; path = audio_queue.h; sourceTree = "<group>"; };
		B60E36691B0FF73F004C142C /* audio_stream.cpp */ = {isa = PBXFileReference; fileEncoding = 4; lastKnownFileType = sourcecode.cpp.cpp; path = audio_stream.cpp; sourceTree = "<group>"; };
		B60E366A1B0FF73F004C142C /* audio_stream.h */ = {isa = PBXFileReference; fileEncoding = 4; lastKnownFileType = sourcecode.c.h; path = audio_stream.h; sourceTree = "<group>"; };
		B60E366B1B0FF73F004C142C /* caching_stream.cpp */ = {isa = PBXFileReference; fileEncoding = 4; lastKnownFileType = sourcecode.cpp.cpp; path = caching_stream.cpp; sourceTree = "<group>"; };
		B60E366C1B0FF73F004C142C /* caching_stream.h */ = {isa = PBXFileReference; fileEncoding = 4; lastKnownFileType = sourcecode.c.h; path = caching_stream.h; sourceTree = "<group>"; };
		B60E366D1B0FF73F004C142C /* file_output.cpp */ = {isa = PBXFileReference; fileEncoding = 4; lastKnownFileType = sourcecode.cpp.cpp; path = file_output.cpp; sourceTree = "<group>"; };
		B60E366E1B0FF73F004C142C /* file_output.h */ = {isa = PBXFileReference; fileEncoding = 4; lastKnownFileType = sourcecode.c.h; path = file_output.h; sourceTree = "<group>"; };
		B60E366F1B0FF73F004C142C /* file_stream.cpp */ = {isa = PBXFileReference; fileEncoding = 4; lastKnownFileType = sourcecode.cpp.cpp; path = file_stream.cpp; sourceTree = "<group>"; };
		B60E36701B0FF73F004C142C /* file_stream.h */ = {isa = PBXFileReference; fileEncoding = 4; lastKnownFileType = sourcecode.c.h; path = file_stream.h; sourceTree = "<group>"; };
		B60E36711B0FF73F004C142C /* http_stream.cpp */ = {isa = PBXFileReference; fileEncoding = 4; lastKnownFileType = sourcecode.cpp.cpp; path = http_stream.cpp; sourceTree = "<group>"; };
		B60E36721B0FF73F004C142C /* http_stream.h */ = {isa = PBXFileReference; fileEncoding = 4; lastKnownFileType = sourcecode.c.h; path = http_stream.h; sourceTree = "<group>"; };
		B60E36731B0FF73F004C142C /* id3_parser.cpp */ = {isa = PBXFileReference; fileEncoding = 4; lastKnownFileType = sourcecode.cpp.cpp; path = id3_parser.cpp; sourceTree = "<group>"; };
		B60E36741B0FF73F004C142C /* id3_parser.h */ = {isa = PBXFileReference; fileEncoding = 4; lastKnownFileType = sourcecode.c.h; path = id3_parser.h; sourceTree = "<group>"; };
		B60E36751B0FF73F004C142C /* input_stream.cpp */ = {isa = PBXFileReference; fileEncoding = 4; lastKnownFileType = sourcecode.cpp.cpp; path = input_stream.cpp; sourceTree = "<group>"; };
		B60E36761B0FF73F004C142C /* input_stream.h */ = {isa = PBXFileReference; fileEncoding = 4; lastKnownFileType = sourcecode.c.h; path = input_stream.h; sourceTree = "<group>"; };
		B60E36771B0FF73F004C142C /* stream_configuration.cpp */ = {isa = PBXFileReference; fileEncoding = 4; lastKnownFileType = sourcecode.cpp.cpp; path = stream_configuration.cpp; sourceTree = "<group>"; };
		B60E36781B0FF73F004C142C /* stream_configuration.h */ = {isa = PBXFileReference; fileEncoding = 4; lastKnownFileType = sourcecode.c.h; path = stream_configuration.h; sourceTree = "<group>"; };
		B60E36831B0FF748004C142C /* FSAudioController.h */ = {isa = PBXFileReference; fileEncoding = 4; lastKnownFileType = sourcecode.c.h; path = FSAudioController.h; sourceTree = "<group>"; };
		B60E36841B0FF748004C142C /* FSAudioController.m */ = {isa = PBXFileReference; fileEncoding = 4; lastKnownFileType = sourcecode.c.objc; path = FSAudioController.m; sourceTree = "<group>"; };
		B60E36851B0FF748004C142C /* FSAudioStream.h */ = {isa = PBXFileReference; fileEncoding = 4; lastKnownFileType = sourcecode.c.h; path = FSAudioStream.h; sourceTree = "<group>"; };
		B60E36861B0FF748004C142C /* FSAudioStream.mm */ = {isa = PBXFileReference; fileEncoding = 4; lastKnownFileType = sourcecode.cpp.objcpp; path = FSAudioStream.mm; sourceTree = "<group>"; };
		B60E36871B0FF748004C142C /* FSCheckContentTypeRequest.h */ = {isa = PBXFileReference; fileEncoding = 4; lastKnownFileType = sourcecode.c.h; path = FSCheckContentTypeRequest.h; sourceTree = "<group>"; };
		B60E36881B0FF748004C142C /* FSCheckContentTypeRequest.m */ = {isa = PBXFileReference; fileEncoding = 4; lastKnownFileType = sourcecode.c.objc; path = FSCheckContentTypeRequest.m; sourceTree = "<group>"; };
		B60E36891B0FF748004C142C /* FSParsePlaylistRequest.h */ = {isa = PBXFileReference; fileEncoding = 4; lastKnownFileType = sourcecode.c.h; path = FSParsePlaylistRequest.h; sourceTree = "<group>"; };
		B60E368A1B0FF748004C142C /* FSParsePlaylistRequest.m */ = {isa = PBXFileReference; fileEncoding = 4; lastKnownFileType = sourcecode.c.objc; path = FSParsePlaylistRequest.m; sourceTree = "<group>"; };
		B60E368B1B0FF748004C142C /* FSParseRssPodcastFeedRequest.h */ = {isa = PBXFileReference; fileEncoding = 4; lastKnownFileType = sourcecode.c.h; path = FSParseRssPodcastFeedRequest.h; sourceTree = "<group>"; };
		B60E368C1B0FF748004C142C /* FSParseRssPodcastFeedRequest.m */ = {isa = PBXFileReference; fileEncoding = 4; lastKnownFileType = sourcecode.c.objc; path = FSParseRssPodcastFeedRequest.m; sourceTree = "<group>"; };
		B60E368D1B0FF748004C142C /* FSPlaylistItem.h */ = {isa = PBXFileReference; fileEncoding = 4; lastKnownFileType = sourcecode.c.h; path = FSPlaylistItem.h; sourceTree = "<group>"; };
		B60E368E1B0FF748004C142C /* FSPlaylistItem.m */ = {isa = PBXFileReference; fileEncoding = 4; lastKnownFileType = sourcecode.c.objc; path = FSPlaylistItem.m; sourceTree = "<group>"; };
		B60E368F1B0FF748004C142C /* FSXMLHttpRequest.h */ = {isa = PBXFileReference; fileEncoding = 4; lastKnownFileType = sourcecode.c.h; path = FSXMLHttpRequest.h; sourceTree = "<group>"; };
		B60E36901B0FF748004C142C /* FSXMLHttpRequest.m */ = {isa = PBXFileReference; fileEncoding = 4; lastKnownFileType = sourcecode.c.objc; path = FSXMLHttpRequest.m; sourceTree = "<group>"; };
		B60E36981B0FFA49004C142C /* CFNetwork.framework */ = {isa = PBXFileReference; lastKnownFileType = wrapper.framework; name = CFNetwork.framework; path = System/Library/Frameworks/CFNetwork.framework; sourceTree = SDKROOT; };
		B60E369A1B0FFAAD004C142C /* libxml2.dylib */ = {isa = PBXFileReference; lastKnownFileType = "compiled.mach-o.dylib"; name = libxml2.dylib; path = usr/lib/libxml2.dylib; sourceTree = SDKROOT; };
		B60E369C1B0FFABB004C142C /* MediaPlayer.framework */ = {isa = PBXFileReference; lastKnownFileType = wrapper.framework; name = MediaPlayer.framework; path = System/Library/Frameworks/MediaPlayer.framework; sourceTree = SDKROOT; };
		B60E36A01B0FFFE5004C142C /* Reachability.h */ = {isa = PBXFileReference; fileEncoding = 4; lastKnownFileType = sourcecode.c.h; name = Reachability.h; path = ../Reachability.h; sourceTree = "<group>"; };
		B60E36A11B0FFFE5004C142C /* Reachability.m */ = {isa = PBXFileReference; fileEncoding = 4; lastKnownFileType = sourcecode.c.objc; name = Reachability.m; path = ../Reachability.m; sourceTree = "<group>"; };
		B60E36A41B1281F4004C142C /* JFMinimalNotification.h */ = {isa = PBXFileReference; fileEncoding = 4; lastKnownFileType = sourcecode.c.h; path = JFMinimalNotification.h; sourceTree = "<group>"; };
		B60E36A51B1281F4004C142C /* JFMinimalNotification.m */ = {isa = PBXFileReference; fileEncoding = 4; lastKnownFileType = sourcecode.c.objc; path = JFMinimalNotification.m; sourceTree = "<group>"; };
		B60E36A61B1281F4004C142C /* JFMinimalNotificationArt.h */ = {isa = PBXFileReference; fileEncoding = 4; lastKnownFileType = sourcecode.c.h; path = JFMinimalNotificationArt.h; sourceTree = "<group>"; };
		B60E36A71B1281F4004C142C /* JFMinimalNotificationArt.m */ = {isa = PBXFileReference; fileEncoding = 4; lastKnownFileType = sourcecode.c.objc; path = JFMinimalNotificationArt.m; sourceTree = "<group>"; };
		B60E36A81B1281F4004C142C /* NSInvocation+Constructors.h */ = {isa = PBXFileReference; fileEncoding = 4; lastKnownFileType = sourcecode.c.h; path = "NSInvocation+Constructors.h"; sourceTree = "<group>"; };
		B60E36A91B1281F4004C142C /* NSInvocation+Constructors.m */ = {isa = PBXFileReference; fileEncoding = 4; lastKnownFileType = sourcecode.c.objc; path = "NSInvocation+Constructors.m"; sourceTree = "<group>"; };
		B60E36AA1B1281F4004C142C /* UIColor+JFMinimalNotificationColors.h */ = {isa = PBXFileReference; fileEncoding = 4; lastKnownFileType = sourcecode.c.h; path = "UIColor+JFMinimalNotificationColors.h"; sourceTree = "<group>"; };
		B60E36AB1B1281F4004C142C /* UIColor+JFMinimalNotificationColors.m */ = {isa = PBXFileReference; fileEncoding = 4; lastKnownFileType = sourcecode.c.objc; path = "UIColor+JFMinimalNotificationColors.m"; sourceTree = "<group>"; };
		B60E36AC1B1281F4004C142C /* UIView+Round.h */ = {isa = PBXFileReference; fileEncoding = 4; lastKnownFileType = sourcecode.c.h; path = "UIView+Round.h"; sourceTree = "<group>"; };
		B60E36AD1B1281F4004C142C /* UIView+Round.m */ = {isa = PBXFileReference; fileEncoding = 4; lastKnownFileType = sourcecode.c.objc; path = "UIView+Round.m"; sourceTree = "<group>"; };
		B60E36B31B13CA84004C142C /* broadwave (2).m3u */ = {isa = PBXFileReference; fileEncoding = 4; lastKnownFileType = text; path = "broadwave (2).m3u"; sourceTree = "<group>"; };
		B60E36B51B13CAFE004C142C /* Sportsweb.m3u */ = {isa = PBXFileReference; fileEncoding = 4; lastKnownFileType = text; path = Sportsweb.m3u; sourceTree = "<group>"; };
		B60E52EB1ABFB0CB0019505B /* WGTD.app */ = {isa = PBXFileReference; explicitFileType = wrapper.application; includeInIndex = 0; path = WGTD.app; sourceTree = BUILT_PRODUCTS_DIR; };
		B60E52EF1ABFB0CB0019505B /* Info.plist */ = {isa = PBXFileReference; lastKnownFileType = text.plist.xml; path = Info.plist; sourceTree = "<group>"; };
		B60E52F01ABFB0CB0019505B /* main.m */ = {isa = PBXFileReference; lastKnownFileType = sourcecode.c.objc; path = main.m; sourceTree = "<group>"; };
		B60E52F21ABFB0CB0019505B /* AppDelegate.h */ = {isa = PBXFileReference; lastKnownFileType = sourcecode.c.h; path = AppDelegate.h; sourceTree = "<group>"; };
		B60E52F31ABFB0CB0019505B /* AppDelegate.m */ = {isa = PBXFileReference; lastKnownFileType = sourcecode.c.objc; path = AppDelegate.m; sourceTree = "<group>"; };
		B60E52F51ABFB0CB0019505B /* ViewController.h */ = {isa = PBXFileReference; lastKnownFileType = sourcecode.c.h; path = ViewController.h; sourceTree = "<group>"; };
		B60E52F61ABFB0CB0019505B /* ViewController.m */ = {isa = PBXFileReference; lastKnownFileType = sourcecode.c.objc; path = ViewController.m; sourceTree = "<group>"; };
		B60E52F91ABFB0CB0019505B /* Base */ = {isa = PBXFileReference; lastKnownFileType = file.storyboard; name = Base; path = Base.lproj/Main.storyboard; sourceTree = "<group>"; };
		B60E52FB1ABFB0CB0019505B /* Images.xcassets */ = {isa = PBXFileReference; lastKnownFileType = folder.assetcatalog; path = Images.xcassets; sourceTree = "<group>"; };
		B60E52FE1ABFB0CB0019505B /* Base */ = {isa = PBXFileReference; lastKnownFileType = file.xib; name = Base; path = Base.lproj/LaunchScreen.xib; sourceTree = "<group>"; };
		B60E53091ABFB0CC0019505B /* Info.plist */ = {isa = PBXFileReference; lastKnownFileType = text.plist.xml; path = Info.plist; sourceTree = "<group>"; };
		B60E530A1ABFB0CC0019505B /* WGTD_Radio_AppTests.m */ = {isa = PBXFileReference; lastKnownFileType = sourcecode.c.objc; path = WGTD_Radio_AppTests.m; sourceTree = "<group>"; };
		B60E53501ABFB96D0019505B /* AVFoundation.framework */ = {isa = PBXFileReference; lastKnownFileType = wrapper.framework; name = AVFoundation.framework; path = System/Library/Frameworks/AVFoundation.framework; sourceTree = SDKROOT; };
		B60E53521ABFB97A0019505B /* GLKit.framework */ = {isa = PBXFileReference; lastKnownFileType = wrapper.framework; name = GLKit.framework; path = System/Library/Frameworks/GLKit.framework; sourceTree = SDKROOT; };
		B60E53541ABFB9800019505B /* AudioToolbox.framework */ = {isa = PBXFileReference; lastKnownFileType = wrapper.framework; name = AudioToolbox.framework; path = System/Library/Frameworks/AudioToolbox.framework; sourceTree = SDKROOT; };
		B60E53561ABFB98B0019505B /* CoreGraphics.framework */ = {isa = PBXFileReference; lastKnownFileType = wrapper.framework; name = CoreGraphics.framework; path = System/Library/Frameworks/CoreGraphics.framework; sourceTree = SDKROOT; };
		B60E53581ABFB9940019505B /* UIKit.framework */ = {isa = PBXFileReference; lastKnownFileType = wrapper.framework; name = UIKit.framework; path = System/Library/Frameworks/UIKit.framework; sourceTree = SDKROOT; };
		B60E535A1ABFB9990019505B /* Foundation.framework */ = {isa = PBXFileReference; lastKnownFileType = wrapper.framework; name = Foundation.framework; path = System/Library/Frameworks/Foundation.framework; sourceTree = SDKROOT; };
		B60E53A21ABFE14A0019505B /* NSMutableArray+STKAudioPlayer.h */ = {isa = PBXFileReference; fileEncoding = 4; lastKnownFileType = sourcecode.c.h; path = "NSMutableArray+STKAudioPlayer.h"; sourceTree = "<group>"; };
		B60E53A31ABFE14A0019505B /* NSMutableArray+STKAudioPlayer.m */ = {isa = PBXFileReference; fileEncoding = 4; lastKnownFileType = sourcecode.c.objc; path = "NSMutableArray+STKAudioPlayer.m"; sourceTree = "<group>"; };
		B60E53A41ABFE14A0019505B /* STKAudioPlayer.h */ = {isa = PBXFileReference; fileEncoding = 4; lastKnownFileType = sourcecode.c.h; path = STKAudioPlayer.h; sourceTree = "<group>"; };
		B60E53A51ABFE14A0019505B /* STKAudioPlayer.m */ = {isa = PBXFileReference; fileEncoding = 4; lastKnownFileType = sourcecode.c.objc; path = STKAudioPlayer.m; sourceTree = "<group>"; };
		B60E53A61ABFE14A0019505B /* STKAutoRecoveringHTTPDataSource.h */ = {isa = PBXFileReference; fileEncoding = 4; lastKnownFileType = sourcecode.c.h; path = STKAutoRecoveringHTTPDataSource.h; sourceTree = "<group>"; };
		B60E53A71ABFE14A0019505B /* STKAutoRecoveringHTTPDataSource.m */ = {isa = PBXFileReference; fileEncoding = 4; lastKnownFileType = sourcecode.c.objc; path = STKAutoRecoveringHTTPDataSource.m; sourceTree = "<group>"; };
		B60E53A81ABFE14A0019505B /* STKCoreFoundationDataSource.h */ = {isa = PBXFileReference; fileEncoding = 4; lastKnownFileType = sourcecode.c.h; path = STKCoreFoundationDataSource.h; sourceTree = "<group>"; };
		B60E53A91ABFE14A0019505B /* STKCoreFoundationDataSource.m */ = {isa = PBXFileReference; fileEncoding = 4; lastKnownFileType = sourcecode.c.objc; path = STKCoreFoundationDataSource.m; sourceTree = "<group>"; };
		B60E53AA1ABFE14A0019505B /* STKDataSource.h */ = {isa = PBXFileReference; fileEncoding = 4; lastKnownFileType = sourcecode.c.h; path = STKDataSource.h; sourceTree = "<group>"; };
		B60E53AB1ABFE14A0019505B /* STKDataSource.m */ = {isa = PBXFileReference; fileEncoding = 4; lastKnownFileType = sourcecode.c.objc; path = STKDataSource.m; sourceTree = "<group>"; };
		B60E53AC1ABFE14A0019505B /* STKDataSourceWrapper.h */ = {isa = PBXFileReference; fileEncoding = 4; lastKnownFileType = sourcecode.c.h; path = STKDataSourceWrapper.h; sourceTree = "<group>"; };
		B60E53AD1ABFE14A0019505B /* STKDataSourceWrapper.m */ = {isa = PBXFileReference; fileEncoding = 4; lastKnownFileType = sourcecode.c.objc; path = STKDataSourceWrapper.m; sourceTree = "<group>"; };
		B60E53AE1ABFE14A0019505B /* STKHTTPDataSource.h */ = {isa = PBXFileReference; fileEncoding = 4; lastKnownFileType = sourcecode.c.h; path = STKHTTPDataSource.h; sourceTree = "<group>"; };
		B60E53AF1ABFE14A0019505B /* STKHTTPDataSource.m */ = {isa = PBXFileReference; fileEncoding = 4; lastKnownFileType = sourcecode.c.objc; path = STKHTTPDataSource.m; sourceTree = "<group>"; };
		B60E53B01ABFE14A0019505B /* STKLocalFileDataSource.h */ = {isa = PBXFileReference; fileEncoding = 4; lastKnownFileType = sourcecode.c.h; path = STKLocalFileDataSource.h; sourceTree = "<group>"; };
		B60E53B11ABFE14A0019505B /* STKLocalFileDataSource.m */ = {isa = PBXFileReference; fileEncoding = 4; lastKnownFileType = sourcecode.c.objc; path = STKLocalFileDataSource.m; sourceTree = "<group>"; };
		B60E53B21ABFE14A0019505B /* STKQueueEntry.h */ = {isa = PBXFileReference; fileEncoding = 4; lastKnownFileType = sourcecode.c.h; path = STKQueueEntry.h; sourceTree = "<group>"; };
		B60E53B31ABFE14A0019505B /* STKQueueEntry.m */ = {isa = PBXFileReference; fileEncoding = 4; lastKnownFileType = sourcecode.c.objc; path = STKQueueEntry.m; sourceTree = "<group>"; };
		B60E53B41ABFE14A0019505B /* StreamingKit-Prefix.pch */ = {isa = PBXFileReference; fileEncoding = 4; lastKnownFileType = sourcecode.c.h; path = "StreamingKit-Prefix.pch"; sourceTree = "<group>"; };
		B60E53C11ABFF01E0019505B /* WaveView.h */ = {isa = PBXFileReference; fileEncoding = 4; lastKnownFileType = sourcecode.c.h; path = WaveView.h; sourceTree = "<group>"; };
		B60E53C21ABFF01E0019505B /* WaveView.m */ = {isa = PBXFileReference; fileEncoding = 4; lastKnownFileType = sourcecode.c.objc; path = WaveView.m; sourceTree = "<group>"; };
		B60E53C41ABFFF440019505B /* stream.m3u */ = {isa = PBXFileReference; fileEncoding = 4; lastKnownFileType = text; path = stream.m3u; sourceTree = "<group>"; };
		B63F05961ADB0E450040168F /* broadwave.m3u */ = {isa = PBXFileReference; fileEncoding = 4; lastKnownFileType = text; path = broadwave.m3u; sourceTree = "<group>"; };
		B63F05981ADB0E4A0040168F /* broadwave (1).m3u */ = {isa = PBXFileReference; fileEncoding = 4; lastKnownFileType = text; path = "broadwave (1).m3u"; sourceTree = "<group>"; };
		B6DC26831BABB9830056AD3C /* Networking.h */ = {isa = PBXFileReference; fileEncoding = 4; lastKnownFileType = sourcecode.c.h; path = Networking.h; sourceTree = "<group>"; };
		B6DC26841BABB9830056AD3C /* Networking.m */ = {isa = PBXFileReference; fileEncoding = 4; lastKnownFileType = sourcecode.c.objc; path = Networking.m; sourceTree = "<group>"; };
		B6DC26871BABFD0F0056AD3C /* XMLDictionary.h */ = {isa = PBXFileReference; fileEncoding = 4; lastKnownFileType = sourcecode.c.h; path = XMLDictionary.h; sourceTree = "<group>"; };
		B6DC26881BABFD0F0056AD3C /* XMLDictionary.m */ = {isa = PBXFileReference; fileEncoding = 4; lastKnownFileType = sourcecode.c.objc; path = XMLDictionary.m; sourceTree = "<group>"; };
		B6FA9FEC1BE9F34E00BC8F5F /* ChannelDropdown.swift */ = {isa = PBXFileReference; fileEncoding = 4; lastKnownFileType = sourcecode.swift; path = ChannelDropdown.swift; sourceTree = "<group>"; };
		B6FA9FEF1BE9F37C00BC8F5F /* WGTD-Bridging-Header.h */ = {isa = PBXFileReference; fileEncoding = 4; lastKnownFileType = sourcecode.c.h; path = "WGTD-Bridging-Header.h"; sourceTree = "<group>"; };
		B6FCA8831BFCAAC90046178C /* WGTD TV.app */ = {isa = PBXFileReference; explicitFileType = wrapper.application; includeInIndex = 0; path = "WGTD TV.app"; sourceTree = BUILT_PRODUCTS_DIR; };
		B6FCA8841BFCAAC90046178C /* WGTD copy-Info.plist */ = {isa = PBXFileReference; lastKnownFileType = text.plist.xml; name = "WGTD copy-Info.plist"; path = "/Users/kylez/Documents/Development/Xcode Projects/WGTD Radio App/WGTD copy-Info.plist"; sourceTree = "<absolute>"; };
		B6FCA8851BFCAAFF0046178C /* TV Storyboard.storyboard */ = {isa = PBXFileReference; fileEncoding = 4; lastKnownFileType = file.storyboard; path = "TV Storyboard.storyboard"; sourceTree = "<group>"; };
		B6FCA88A1BFCACCA0046178C /* TVViewController.swift */ = {isa = PBXFileReference; fileEncoding = 4; lastKnownFileType = sourcecode.swift; path = TVViewController.swift; sourceTree = "<group>"; };
		F0D56873AAAC7A8C0ECF23D6 /* Pods-WGTD.debug.xcconfig */ = {isa = PBXFileReference; includeInIndex = 1; lastKnownFileType = text.xcconfig; name = "Pods-WGTD.debug.xcconfig"; path = "Pods/Target Support Files/Pods-WGTD/Pods-WGTD.debug.xcconfig"; sourceTree = "<group>"; };
/* End PBXFileReference section */

/* Begin PBXFrameworksBuildPhase section */
		B60E52E81ABFB0CB0019505B /* Frameworks */ = {
			isa = PBXFrameworksBuildPhase;
			buildActionMask = 2147483647;
			files = (
				B609C71E1B27BFAE0093EB04 /* libsqlite3.dylib in Frameworks */,
				B609C71C1B27BFA00093EB04 /* libz.dylib in Frameworks */,
				B609C71A1B27BF900093EB04 /* SystemConfiguration.framework in Frameworks */,
				B609C7181B27BF890093EB04 /* CoreData.framework in Frameworks */,
				B60E369D1B0FFABB004C142C /* MediaPlayer.framework in Frameworks */,
				B60E369B1B0FFAAD004C142C /* libxml2.dylib in Frameworks */,
				B60E36991B0FFA49004C142C /* CFNetwork.framework in Frameworks */,
				B60E535B1ABFB99A0019505B /* Foundation.framework in Frameworks */,
				B60E53591ABFB9940019505B /* UIKit.framework in Frameworks */,
				B60E53571ABFB98B0019505B /* CoreGraphics.framework in Frameworks */,
				B60E53551ABFB9800019505B /* AudioToolbox.framework in Frameworks */,
				B60E53531ABFB97A0019505B /* GLKit.framework in Frameworks */,
				B60E53511ABFB96D0019505B /* AVFoundation.framework in Frameworks */,
				C3452FA2F46E5051FE89AE3A /* libPods-WGTD.a in Frameworks */,
			);
			runOnlyForDeploymentPostprocessing = 0;
		};
		B6FCA8691BFCAAC90046178C /* Frameworks */ = {
			isa = PBXFrameworksBuildPhase;
			buildActionMask = 2147483647;
			files = (
				B6FCA86A1BFCAAC90046178C /* libsqlite3.dylib in Frameworks */,
				B6FCA86B1BFCAAC90046178C /* libz.dylib in Frameworks */,
				B6FCA86C1BFCAAC90046178C /* SystemConfiguration.framework in Frameworks */,
				B6FCA86D1BFCAAC90046178C /* CoreData.framework in Frameworks */,
				B6FCA86E1BFCAAC90046178C /* MediaPlayer.framework in Frameworks */,
				B6FCA86F1BFCAAC90046178C /* libxml2.dylib in Frameworks */,
				B6FCA8701BFCAAC90046178C /* CFNetwork.framework in Frameworks */,
				B6FCA8711BFCAAC90046178C /* Foundation.framework in Frameworks */,
				B6FCA8721BFCAAC90046178C /* UIKit.framework in Frameworks */,
				B6FCA8731BFCAAC90046178C /* CoreGraphics.framework in Frameworks */,
				B6FCA8741BFCAAC90046178C /* AudioToolbox.framework in Frameworks */,
				B6FCA8751BFCAAC90046178C /* GLKit.framework in Frameworks */,
				B6FCA8761BFCAAC90046178C /* AVFoundation.framework in Frameworks */,
				FE79ABEA32574EF45F817DAD /* libPods-WGTD TV.a in Frameworks */,
			);
			runOnlyForDeploymentPostprocessing = 0;
		};
/* End PBXFrameworksBuildPhase section */

/* Begin PBXGroup section */
		235B8B6066046131D0A5FA17 /* Pods */ = {
			isa = PBXGroup;
			children = (
				8C156E2C158C6F9BEF8D34E2 /* Pods.debug.xcconfig */,
				0F47E372659D20EE99F03F5A /* Pods.release.xcconfig */,
				F0D56873AAAC7A8C0ECF23D6 /* Pods-WGTD.debug.xcconfig */,
				AEDC07FE91359C06D4A8527A /* Pods-WGTD.release.xcconfig */,
			);
			name = Pods;
			sourceTree = "<group>";
		};
		4F64761D0355B2EB713955DF /* Frameworks */ = {
			isa = PBXGroup;
			children = (
				4BB05FFB022EA0E3C4ACDC19 /* libPods.a */,
				2D0ED4B7B2A564BCAF96E0A9 /* libPods-WGTD.a */,
				773AC6C42C982D5AC6B96699 /* libPods-WGTD TV.a */,
			);
			name = Frameworks;
			sourceTree = "<group>";
		};
		B60E36661B0FF73F004C142C /* astreamer */ = {
			isa = PBXGroup;
			children = (
				B60E36671B0FF73F004C142C /* audio_queue.cpp */,
				B60E36681B0FF73F004C142C /* audio_queue.h */,
				B60E36691B0FF73F004C142C /* audio_stream.cpp */,
				B60E366A1B0FF73F004C142C /* audio_stream.h */,
				B60E366B1B0FF73F004C142C /* caching_stream.cpp */,
				B60E366C1B0FF73F004C142C /* caching_stream.h */,
				B60E366D1B0FF73F004C142C /* file_output.cpp */,
				B60E366E1B0FF73F004C142C /* file_output.h */,
				B60E366F1B0FF73F004C142C /* file_stream.cpp */,
				B60E36701B0FF73F004C142C /* file_stream.h */,
				B60E36711B0FF73F004C142C /* http_stream.cpp */,
				B60E36721B0FF73F004C142C /* http_stream.h */,
				B60E36731B0FF73F004C142C /* id3_parser.cpp */,
				B60E36741B0FF73F004C142C /* id3_parser.h */,
				B60E36751B0FF73F004C142C /* input_stream.cpp */,
				B60E36761B0FF73F004C142C /* input_stream.h */,
				B60E36771B0FF73F004C142C /* stream_configuration.cpp */,
				B60E36781B0FF73F004C142C /* stream_configuration.h */,
			);
			path = astreamer;
			sourceTree = "<group>";
		};
		B60E36821B0FF748004C142C /* Common */ = {
			isa = PBXGroup;
			children = (
				B60E36831B0FF748004C142C /* FSAudioController.h */,
				B60E36841B0FF748004C142C /* FSAudioController.m */,
				B60E36851B0FF748004C142C /* FSAudioStream.h */,
				B60E36861B0FF748004C142C /* FSAudioStream.mm */,
				B60E36871B0FF748004C142C /* FSCheckContentTypeRequest.h */,
				B60E36881B0FF748004C142C /* FSCheckContentTypeRequest.m */,
				B60E36891B0FF748004C142C /* FSParsePlaylistRequest.h */,
				B60E368A1B0FF748004C142C /* FSParsePlaylistRequest.m */,
				B60E368B1B0FF748004C142C /* FSParseRssPodcastFeedRequest.h */,
				B60E368C1B0FF748004C142C /* FSParseRssPodcastFeedRequest.m */,
				B60E368D1B0FF748004C142C /* FSPlaylistItem.h */,
				B60E368E1B0FF748004C142C /* FSPlaylistItem.m */,
				B60E368F1B0FF748004C142C /* FSXMLHttpRequest.h */,
				B60E36901B0FF748004C142C /* FSXMLHttpRequest.m */,
			);
			path = Common;
			sourceTree = "<group>";
		};
		B60E36A31B1281F4004C142C /* JFMinimalNotification */ = {
			isa = PBXGroup;
			children = (
				B60E36A41B1281F4004C142C /* JFMinimalNotification.h */,
				B60E36A51B1281F4004C142C /* JFMinimalNotification.m */,
				B60E36A61B1281F4004C142C /* JFMinimalNotificationArt.h */,
				B60E36A71B1281F4004C142C /* JFMinimalNotificationArt.m */,
				B60E36A81B1281F4004C142C /* NSInvocation+Constructors.h */,
				B60E36A91B1281F4004C142C /* NSInvocation+Constructors.m */,
				B60E36AA1B1281F4004C142C /* UIColor+JFMinimalNotificationColors.h */,
				B60E36AB1B1281F4004C142C /* UIColor+JFMinimalNotificationColors.m */,
				B60E36AC1B1281F4004C142C /* UIView+Round.h */,
				B60E36AD1B1281F4004C142C /* UIView+Round.m */,
			);
			path = JFMinimalNotification;
			sourceTree = "<group>";
		};
		B60E52E21ABFB0CB0019505B = {
			isa = PBXGroup;
			children = (
				B609C71D1B27BFAE0093EB04 /* libsqlite3.dylib */,
				B609C71B1B27BFA00093EB04 /* libz.dylib */,
				B609C7191B27BF900093EB04 /* SystemConfiguration.framework */,
				B609C7171B27BF890093EB04 /* CoreData.framework */,
				B60E369C1B0FFABB004C142C /* MediaPlayer.framework */,
				B60E369A1B0FFAAD004C142C /* libxml2.dylib */,
				B60E36981B0FFA49004C142C /* CFNetwork.framework */,
				B60E535A1ABFB9990019505B /* Foundation.framework */,
				B60E53581ABFB9940019505B /* UIKit.framework */,
				B60E53561ABFB98B0019505B /* CoreGraphics.framework */,
				B60E53541ABFB9800019505B /* AudioToolbox.framework */,
				B60E53521ABFB97A0019505B /* GLKit.framework */,
				B60E53501ABFB96D0019505B /* AVFoundation.framework */,
				B60E52ED1ABFB0CB0019505B /* WGTD Radio App */,
				B60E53071ABFB0CC0019505B /* WGTD Radio AppTests */,
				B60E52EC1ABFB0CB0019505B /* Products */,
				235B8B6066046131D0A5FA17 /* Pods */,
				4F64761D0355B2EB713955DF /* Frameworks */,
				B6FCA8841BFCAAC90046178C /* WGTD copy-Info.plist */,
			);
			sourceTree = "<group>";
		};
		B60E52EC1ABFB0CB0019505B /* Products */ = {
			isa = PBXGroup;
			children = (
				B60E52EB1ABFB0CB0019505B /* WGTD.app */,
				B6FCA8831BFCAAC90046178C /* WGTD TV.app */,
			);
			name = Products;
			sourceTree = "<group>";
		};
		B60E52ED1ABFB0CB0019505B /* WGTD Radio App */ = {
			isa = PBXGroup;
			children = (
				B60E36821B0FF748004C142C /* Common */,
				B60E36661B0FF73F004C142C /* astreamer */,
				B60E53A11ABFE14A0019505B /* StreamingKit */,
				B60E533E1ABFB26B0019505B /* Views */,
				B60E36A01B0FFFE5004C142C /* Reachability.h */,
				B60E36A11B0FFFE5004C142C /* Reachability.m */,
				B60E36B51B13CAFE004C142C /* Sportsweb.m3u */,
				B63F05981ADB0E4A0040168F /* broadwave (1).m3u */,
				B60E36B31B13CA84004C142C /* broadwave (2).m3u */,
				B60E53C41ABFFF440019505B /* stream.m3u */,
				B63F05961ADB0E450040168F /* broadwave.m3u */,
				B6DC26871BABFD0F0056AD3C /* XMLDictionary.h */,
				B6DC26881BABFD0F0056AD3C /* XMLDictionary.m */,
				B60E52F21ABFB0CB0019505B /* AppDelegate.h */,
				B60E52F31ABFB0CB0019505B /* AppDelegate.m */,
				B60E533F1ABFB27D0019505B /* View Controllers */,
				B60E52F81ABFB0CB0019505B /* Main.storyboard */,
				B6FCA8851BFCAAFF0046178C /* TV Storyboard.storyboard */,
				B6FA9FEC1BE9F34E00BC8F5F /* ChannelDropdown.swift */,
				B60651F21AC31268008300D8 /* InfoViewController.h */,
				B6FA9FEF1BE9F37C00BC8F5F /* WGTD-Bridging-Header.h */,
				B60651F31AC31268008300D8 /* InfoViewController.m */,
				B60E52FB1ABFB0CB0019505B /* Images.xcassets */,
				B60E52FD1ABFB0CB0019505B /* LaunchScreen.xib */,
				B60E52EE1ABFB0CB0019505B /* Supporting Files */,
			);
			path = "WGTD Radio App";
			sourceTree = "<group>";
		};
		B60E52EE1ABFB0CB0019505B /* Supporting Files */ = {
			isa = PBXGroup;
			children = (
				B60E52EF1ABFB0CB0019505B /* Info.plist */,
				B60E52F01ABFB0CB0019505B /* main.m */,
			);
			name = "Supporting Files";
			sourceTree = "<group>";
		};
		B60E53071ABFB0CC0019505B /* WGTD Radio AppTests */ = {
			isa = PBXGroup;
			children = (
				B60E530A1ABFB0CC0019505B /* WGTD_Radio_AppTests.m */,
				B60E53081ABFB0CC0019505B /* Supporting Files */,
			);
			path = "WGTD Radio AppTests";
			sourceTree = "<group>";
		};
		B60E53081ABFB0CC0019505B /* Supporting Files */ = {
			isa = PBXGroup;
			children = (
				B60E53091ABFB0CC0019505B /* Info.plist */,
			);
			name = "Supporting Files";
			sourceTree = "<group>";
		};
		B60E533E1ABFB26B0019505B /* Views */ = {
			isa = PBXGroup;
			children = (
				B60E36A31B1281F4004C142C /* JFMinimalNotification */,
				B60E53C11ABFF01E0019505B /* WaveView.h */,
				B60E53C21ABFF01E0019505B /* WaveView.m */,
			);
			name = Views;
			sourceTree = "<group>";
		};
		B60E533F1ABFB27D0019505B /* View Controllers */ = {
			isa = PBXGroup;
			children = (
				B60E52F51ABFB0CB0019505B /* ViewController.h */,
				B60E52F61ABFB0CB0019505B /* ViewController.m */,
				B6FCA88A1BFCACCA0046178C /* TVViewController.swift */,
				B6DC26831BABB9830056AD3C /* Networking.h */,
				B6DC26841BABB9830056AD3C /* Networking.m */,
				B60651F81AC31550008300D8 /* InfoViewController.h */,
				B60651F91AC31550008300D8 /* InfoViewController.m */,
			);
			name = "View Controllers";
			sourceTree = "<group>";
		};
		B60E53A11ABFE14A0019505B /* StreamingKit */ = {
			isa = PBXGroup;
			children = (
				B60E53A21ABFE14A0019505B /* NSMutableArray+STKAudioPlayer.h */,
				B60E53A31ABFE14A0019505B /* NSMutableArray+STKAudioPlayer.m */,
				B60E53A41ABFE14A0019505B /* STKAudioPlayer.h */,
				B60E53A51ABFE14A0019505B /* STKAudioPlayer.m */,
				B60E53A61ABFE14A0019505B /* STKAutoRecoveringHTTPDataSource.h */,
				B60E53A71ABFE14A0019505B /* STKAutoRecoveringHTTPDataSource.m */,
				B60E53A81ABFE14A0019505B /* STKCoreFoundationDataSource.h */,
				B60E53A91ABFE14A0019505B /* STKCoreFoundationDataSource.m */,
				B60E53AA1ABFE14A0019505B /* STKDataSource.h */,
				B60E53AB1ABFE14A0019505B /* STKDataSource.m */,
				B60E53AC1ABFE14A0019505B /* STKDataSourceWrapper.h */,
				B60E53AD1ABFE14A0019505B /* STKDataSourceWrapper.m */,
				B60E53AE1ABFE14A0019505B /* STKHTTPDataSource.h */,
				B60E53AF1ABFE14A0019505B /* STKHTTPDataSource.m */,
				B60E53B01ABFE14A0019505B /* STKLocalFileDataSource.h */,
				B60E53B11ABFE14A0019505B /* STKLocalFileDataSource.m */,
				B60E53B21ABFE14A0019505B /* STKQueueEntry.h */,
				B60E53B31ABFE14A0019505B /* STKQueueEntry.m */,
				B60E53B41ABFE14A0019505B /* StreamingKit-Prefix.pch */,
			);
			path = StreamingKit;
			sourceTree = "<group>";
		};
/* End PBXGroup section */

/* Begin PBXNativeTarget section */
		B60E52EA1ABFB0CB0019505B /* WGTD */ = {
			isa = PBXNativeTarget;
			buildConfigurationList = B60E530E1ABFB0CC0019505B /* Build configuration list for PBXNativeTarget "WGTD" */;
			buildPhases = (
				268950E410B2318542D77471 /* Check Pods Manifest.lock */,
				B60E52E71ABFB0CB0019505B /* Sources */,
				B60E52E81ABFB0CB0019505B /* Frameworks */,
				B60E52E91ABFB0CB0019505B /* Resources */,
				1F7F444C2F01D437CC97D912 /* Embed Pods Frameworks */,
				2CEA5B371BF1E109B0528BC5 /* Copy Pods Resources */,
			);
			buildRules = (
			);
			dependencies = (
			);
			name = WGTD;
			productName = "WGTD Radio App";
			productReference = B60E52EB1ABFB0CB0019505B /* WGTD.app */;
			productType = "com.apple.product-type.application";
		};
		B6FCA8401BFCAAC90046178C /* WGTD TV */ = {
			isa = PBXNativeTarget;
			buildConfigurationList = B6FCA8801BFCAAC90046178C /* Build configuration list for PBXNativeTarget "WGTD TV" */;
			buildPhases = (
				D25E5911A71FCF3CD5A38A29 /* Check Pods Manifest.lock */,
				B6FCA8411BFCAAC90046178C /* Sources */,
				B6FCA8691BFCAAC90046178C /* Frameworks */,
				B6FCA8771BFCAAC90046178C /* Resources */,
				5637258E2282C47F0FD84487 /* Embed Pods Frameworks */,
				57B08793686F51F1D9C67EAC /* Copy Pods Resources */,
			);
			buildRules = (
			);
			dependencies = (
			);
			name = "WGTD TV";
			productName = "WGTD Radio App";
			productReference = B6FCA8831BFCAAC90046178C /* WGTD TV.app */;
			productType = "com.apple.product-type.application";
		};
/* End PBXNativeTarget section */

/* Begin PBXProject section */
		B60E52E31ABFB0CB0019505B /* Project object */ = {
			isa = PBXProject;
			attributes = {
				LastSwiftUpdateCheck = 0710;
				LastUpgradeCheck = 0620;
				ORGANIZATIONNAME = "University Of Wiscosnin Parkside";
				TargetAttributes = {
					B60E52EA1ABFB0CB0019505B = {
						CreatedOnToolsVersion = 6.2;
						DevelopmentTeam = F8BA5TMX9M;
						SystemCapabilities = {
							com.apple.BackgroundModes = {
								enabled = 1;
							};
						};
					};
					B6FCA8401BFCAAC90046178C = {
						DevelopmentTeam = 9463AL9REH;
					};
				};
			};
			buildConfigurationList = B60E52E61ABFB0CB0019505B /* Build configuration list for PBXProject "WGTD Radio App" */;
			compatibilityVersion = "Xcode 3.2";
			developmentRegion = English;
			hasScannedForEncodings = 0;
			knownRegions = (
				en,
				Base,
			);
			mainGroup = B60E52E21ABFB0CB0019505B;
			productRefGroup = B60E52EC1ABFB0CB0019505B /* Products */;
			projectDirPath = "";
			projectRoot = "";
			targets = (
				B60E52EA1ABFB0CB0019505B /* WGTD */,
				B6FCA8401BFCAAC90046178C /* WGTD TV */,
			);
		};
/* End PBXProject section */

/* Begin PBXResourcesBuildPhase section */
		B60E52E91ABFB0CB0019505B /* Resources */ = {
			isa = PBXResourcesBuildPhase;
			buildActionMask = 2147483647;
			files = (
				B60E52FA1ABFB0CB0019505B /* Main.storyboard in Resources */,
				B60E36B61B13CAFE004C142C /* Sportsweb.m3u in Resources */,
				B63F05991ADB0E4A0040168F /* broadwave (1).m3u in Resources */,
				B60E53C51ABFFF440019505B /* stream.m3u in Resources */,
				B60E36B41B13CA84004C142C /* broadwave (2).m3u in Resources */,
				B63F05971ADB0E450040168F /* broadwave.m3u in Resources */,
				B60E52FF1ABFB0CB0019505B /* LaunchScreen.xib in Resources */,
				B60E52FC1ABFB0CB0019505B /* Images.xcassets in Resources */,
			);
			runOnlyForDeploymentPostprocessing = 0;
		};
		B6FCA8771BFCAAC90046178C /* Resources */ = {
			isa = PBXResourcesBuildPhase;
			buildActionMask = 2147483647;
			files = (
				B6FCA8871BFCABC10046178C /* TV Storyboard.storyboard in Resources */,
				B6FCA8791BFCAAC90046178C /* Sportsweb.m3u in Resources */,
				B6FCA87A1BFCAAC90046178C /* broadwave (1).m3u in Resources */,
				B6FCA87B1BFCAAC90046178C /* stream.m3u in Resources */,
				B6FCA87C1BFCAAC90046178C /* broadwave (2).m3u in Resources */,
				B6FCA87D1BFCAAC90046178C /* broadwave.m3u in Resources */,
				B6FCA87F1BFCAAC90046178C /* Images.xcassets in Resources */,
			);
			runOnlyForDeploymentPostprocessing = 0;
		};
/* End PBXResourcesBuildPhase section */

/* Begin PBXShellScriptBuildPhase section */
		1F7F444C2F01D437CC97D912 /* Embed Pods Frameworks */ = {
			isa = PBXShellScriptBuildPhase;
			buildActionMask = 2147483647;
			files = (
			);
			inputPaths = (
			);
			name = "Embed Pods Frameworks";
			outputPaths = (
			);
			runOnlyForDeploymentPostprocessing = 0;
			shellPath = /bin/sh;
			shellScript = "\"${SRCROOT}/Pods/Target Support Files/Pods-WGTD/Pods-WGTD-frameworks.sh\"\n";
			showEnvVarsInLog = 0;
		};
		268950E410B2318542D77471 /* Check Pods Manifest.lock */ = {
			isa = PBXShellScriptBuildPhase;
			buildActionMask = 2147483647;
			files = (
			);
			inputPaths = (
			);
			name = "Check Pods Manifest.lock";
			outputPaths = (
			);
			runOnlyForDeploymentPostprocessing = 0;
			shellPath = /bin/sh;
			shellScript = "diff \"${PODS_ROOT}/../Podfile.lock\" \"${PODS_ROOT}/Manifest.lock\" > /dev/null\nif [[ $? != 0 ]] ; then\n    cat << EOM\nerror: The sandbox is not in sync with the Podfile.lock. Run 'pod install' or update your CocoaPods installation.\nEOM\n    exit 1\nfi\n";
			showEnvVarsInLog = 0;
		};
		2CEA5B371BF1E109B0528BC5 /* Copy Pods Resources */ = {
			isa = PBXShellScriptBuildPhase;
			buildActionMask = 2147483647;
			files = (
			);
			inputPaths = (
			);
			name = "Copy Pods Resources";
			outputPaths = (
			);
			runOnlyForDeploymentPostprocessing = 0;
			shellPath = /bin/sh;
			shellScript = "\"${SRCROOT}/Pods/Target Support Files/Pods-WGTD/Pods-WGTD-resources.sh\"\n";
			showEnvVarsInLog = 0;
		};
		5637258E2282C47F0FD84487 /* Embed Pods Frameworks */ = {
			isa = PBXShellScriptBuildPhase;
			buildActionMask = 2147483647;
			files = (
			);
			inputPaths = (
			);
			name = "Embed Pods Frameworks";
			outputPaths = (
			);
			runOnlyForDeploymentPostprocessing = 0;
			shellPath = /bin/sh;
			shellScript = "\"${SRCROOT}/Pods/Target Support Files/Pods-WGTD TV/Pods-WGTD TV-frameworks.sh\"\n";
			showEnvVarsInLog = 0;
		};
		57B08793686F51F1D9C67EAC /* Copy Pods Resources */ = {
			isa = PBXShellScriptBuildPhase;
			buildActionMask = 2147483647;
			files = (
			);
			inputPaths = (
			);
			name = "Copy Pods Resources";
			outputPaths = (
			);
			runOnlyForDeploymentPostprocessing = 0;
			shellPath = /bin/sh;
			shellScript = "\"${SRCROOT}/Pods/Target Support Files/Pods-WGTD TV/Pods-WGTD TV-resources.sh\"\n";
			showEnvVarsInLog = 0;
		};
		D25E5911A71FCF3CD5A38A29 /* Check Pods Manifest.lock */ = {
			isa = PBXShellScriptBuildPhase;
			buildActionMask = 2147483647;
			files = (
			);
			inputPaths = (
			);
			name = "Check Pods Manifest.lock";
			outputPaths = (
			);
			runOnlyForDeploymentPostprocessing = 0;
			shellPath = /bin/sh;
			shellScript = "diff \"${PODS_ROOT}/../Podfile.lock\" \"${PODS_ROOT}/Manifest.lock\" > /dev/null\nif [[ $? != 0 ]] ; then\n    cat << EOM\nerror: The sandbox is not in sync with the Podfile.lock. Run 'pod install' or update your CocoaPods installation.\nEOM\n    exit 1\nfi\n";
			showEnvVarsInLog = 0;
		};
/* End PBXShellScriptBuildPhase section */

/* Begin PBXSourcesBuildPhase section */
		B60E52E71ABFB0CB0019505B /* Sources */ = {
			isa = PBXSourcesBuildPhase;
			buildActionMask = 2147483647;
			files = (
				B60E53BC1ABFE14A0019505B /* STKLocalFileDataSource.m in Sources */,
				B60E53B71ABFE14A0019505B /* STKAutoRecoveringHTTPDataSource.m in Sources */,
				B60E53C31ABFF01E0019505B /* WaveView.m in Sources */,
				B60E367E1B0FF73F004C142C /* http_stream.cpp in Sources */,
				B60E53B51ABFE14A0019505B /* NSMutableArray+STKAudioPlayer.m in Sources */,
				B6DC26891BABFD0F0056AD3C /* XMLDictionary.m in Sources */,
				B60E36B01B1281F4004C142C /* NSInvocation+Constructors.m in Sources */,
				B60E53B81ABFE14A0019505B /* STKCoreFoundationDataSource.m in Sources */,
				B60E36AF1B1281F4004C142C /* JFMinimalNotificationArt.m in Sources */,
				B60E36961B0FF748004C142C /* FSPlaylistItem.m in Sources */,
				B60E36B21B1281F4004C142C /* UIView+Round.m in Sources */,
				B60E36801B0FF73F004C142C /* input_stream.cpp in Sources */,
				B60E36791B0FF73F004C142C /* audio_queue.cpp in Sources */,
				B60E36921B0FF748004C142C /* FSAudioStream.mm in Sources */,
				B6FA9FED1BE9F34E00BC8F5F /* ChannelDropdown.swift in Sources */,
				B60E53BA1ABFE14A0019505B /* STKDataSourceWrapper.m in Sources */,
				B6DC26851BABB9830056AD3C /* Networking.m in Sources */,
				B60E36A21B0FFFE5004C142C /* Reachability.m in Sources */,
				B60E52F71ABFB0CB0019505B /* ViewController.m in Sources */,
				B60E53BB1ABFE14A0019505B /* STKHTTPDataSource.m in Sources */,
				B60E36951B0FF748004C142C /* FSParseRssPodcastFeedRequest.m in Sources */,
				B60E367D1B0FF73F004C142C /* file_stream.cpp in Sources */,
				B60E36AE1B1281F4004C142C /* JFMinimalNotification.m in Sources */,
				B60E53B61ABFE14A0019505B /* STKAudioPlayer.m in Sources */,
				B60E52F41ABFB0CB0019505B /* AppDelegate.m in Sources */,
				B60E36931B0FF748004C142C /* FSCheckContentTypeRequest.m in Sources */,
				B60E36971B0FF748004C142C /* FSXMLHttpRequest.m in Sources */,
				B60E36811B0FF73F004C142C /* stream_configuration.cpp in Sources */,
				B60E52F11ABFB0CB0019505B /* main.m in Sources */,
				B60E367C1B0FF73F004C142C /* file_output.cpp in Sources */,
				B60E367B1B0FF73F004C142C /* caching_stream.cpp in Sources */,
				B60E36B11B1281F4004C142C /* UIColor+JFMinimalNotificationColors.m in Sources */,
				B60E367F1B0FF73F004C142C /* id3_parser.cpp in Sources */,
				B60E36941B0FF748004C142C /* FSParsePlaylistRequest.m in Sources */,
				B60E53B91ABFE14A0019505B /* STKDataSource.m in Sources */,
				B60651FA1AC31550008300D8 /* InfoViewController.m in Sources */,
				B60E36911B0FF748004C142C /* FSAudioController.m in Sources */,
				B60E367A1B0FF73F004C142C /* audio_stream.cpp in Sources */,
				B60E53BD1ABFE14A0019505B /* STKQueueEntry.m in Sources */,
			);
			runOnlyForDeploymentPostprocessing = 0;
		};
		B6FCA8411BFCAAC90046178C /* Sources */ = {
			isa = PBXSourcesBuildPhase;
			buildActionMask = 2147483647;
			files = (
				B6FCA8421BFCAAC90046178C /* STKLocalFileDataSource.m in Sources */,
				B6FCA8431BFCAAC90046178C /* STKAutoRecoveringHTTPDataSource.m in Sources */,
				B6FCA88B1BFCACCA0046178C /* TVViewController.swift in Sources */,
				B6FCA8441BFCAAC90046178C /* WaveView.m in Sources */,
				B6FCA8451BFCAAC90046178C /* http_stream.cpp in Sources */,
				B6FCA8461BFCAAC90046178C /* NSMutableArray+STKAudioPlayer.m in Sources */,
				B6FCA8471BFCAAC90046178C /* XMLDictionary.m in Sources */,
				B6FCA8481BFCAAC90046178C /* NSInvocation+Constructors.m in Sources */,
				B6FCA8491BFCAAC90046178C /* STKCoreFoundationDataSource.m in Sources */,
				B6FCA84A1BFCAAC90046178C /* JFMinimalNotificationArt.m in Sources */,
				B6FCA84B1BFCAAC90046178C /* FSPlaylistItem.m in Sources */,
				B6FCA84C1BFCAAC90046178C /* UIView+Round.m in Sources */,
				B6FCA84D1BFCAAC90046178C /* input_stream.cpp in Sources */,
				B6FCA84E1BFCAAC90046178C /* audio_queue.cpp in Sources */,
				B6FCA84F1BFCAAC90046178C /* FSAudioStream.mm in Sources */,
				B6FCA8501BFCAAC90046178C /* ChannelDropdown.swift in Sources */,
				B6FCA8511BFCAAC90046178C /* STKDataSourceWrapper.m in Sources */,
				B6FCA8521BFCAAC90046178C /* Networking.m in Sources */,
				B6FCA8531BFCAAC90046178C /* Reachability.m in Sources */,
				B6FCA8541BFCAAC90046178C /* ViewController.m in Sources */,
				B6FCA8551BFCAAC90046178C /* STKHTTPDataSource.m in Sources */,
				B6FCA8561BFCAAC90046178C /* FSParseRssPodcastFeedRequest.m in Sources */,
				B6FCA8571BFCAAC90046178C /* file_stream.cpp in Sources */,
				B6FCA8581BFCAAC90046178C /* JFMinimalNotification.m in Sources */,
				B6FCA8591BFCAAC90046178C /* STKAudioPlayer.m in Sources */,
				B6FCA85A1BFCAAC90046178C /* AppDelegate.m in Sources */,
				B6FCA85B1BFCAAC90046178C /* FSCheckContentTypeRequest.m in Sources */,
				B6FCA85C1BFCAAC90046178C /* FSXMLHttpRequest.m in Sources */,
				B6FCA85D1BFCAAC90046178C /* stream_configuration.cpp in Sources */,
				B6FCA85E1BFCAAC90046178C /* main.m in Sources */,
				B6FCA85F1BFCAAC90046178C /* file_output.cpp in Sources */,
				B6FCA8601BFCAAC90046178C /* caching_stream.cpp in Sources */,
				B6FCA8611BFCAAC90046178C /* UIColor+JFMinimalNotificationColors.m in Sources */,
				B6FCA8621BFCAAC90046178C /* id3_parser.cpp in Sources */,
				B6FCA8631BFCAAC90046178C /* FSParsePlaylistRequest.m in Sources */,
				B6FCA8641BFCAAC90046178C /* STKDataSource.m in Sources */,
				B6FCA8651BFCAAC90046178C /* InfoViewController.m in Sources */,
				B6FCA8661BFCAAC90046178C /* FSAudioController.m in Sources */,
				B6FCA8671BFCAAC90046178C /* audio_stream.cpp in Sources */,
				B6FCA8681BFCAAC90046178C /* STKQueueEntry.m in Sources */,
			);
			runOnlyForDeploymentPostprocessing = 0;
		};
/* End PBXSourcesBuildPhase section */

/* Begin PBXVariantGroup section */
		B60E52F81ABFB0CB0019505B /* Main.storyboard */ = {
			isa = PBXVariantGroup;
			children = (
				B60E52F91ABFB0CB0019505B /* Base */,
			);
			name = Main.storyboard;
			sourceTree = "<group>";
		};
		B60E52FD1ABFB0CB0019505B /* LaunchScreen.xib */ = {
			isa = PBXVariantGroup;
			children = (
				B60E52FE1ABFB0CB0019505B /* Base */,
			);
			name = LaunchScreen.xib;
			sourceTree = "<group>";
		};
/* End PBXVariantGroup section */

/* Begin XCBuildConfiguration section */
		B60E530C1ABFB0CC0019505B /* Debug */ = {
			isa = XCBuildConfiguration;
			buildSettings = {
				ALWAYS_SEARCH_USER_PATHS = NO;
				CLANG_CXX_LANGUAGE_STANDARD = "gnu++0x";
				CLANG_CXX_LIBRARY = "libc++";
				CLANG_ENABLE_MODULES = YES;
				CLANG_ENABLE_OBJC_ARC = YES;
				CLANG_WARN_BOOL_CONVERSION = YES;
				CLANG_WARN_CONSTANT_CONVERSION = YES;
				CLANG_WARN_DIRECT_OBJC_ISA_USAGE = YES_ERROR;
				CLANG_WARN_EMPTY_BODY = YES;
				CLANG_WARN_ENUM_CONVERSION = YES;
				CLANG_WARN_INT_CONVERSION = YES;
				CLANG_WARN_OBJC_ROOT_CLASS = YES_ERROR;
				CLANG_WARN_UNREACHABLE_CODE = YES;
				CLANG_WARN__DUPLICATE_METHOD_MATCH = YES;
				"CODE_SIGN_IDENTITY[sdk=iphoneos*]" = "iPhone Developer";
				COPY_PHASE_STRIP = NO;
				DEFINES_MODULE = YES;
				ENABLE_BITCODE = NO;
				ENABLE_STRICT_OBJC_MSGSEND = YES;
				GCC_C_LANGUAGE_STANDARD = gnu99;
				GCC_DYNAMIC_NO_PIC = NO;
				GCC_OPTIMIZATION_LEVEL = 0;
				GCC_PREPROCESSOR_DEFINITIONS = (
					"DEBUG=1",
					"$(inherited)",
				);
				GCC_SYMBOLS_PRIVATE_EXTERN = NO;
				GCC_WARN_64_TO_32_BIT_CONVERSION = YES;
				GCC_WARN_ABOUT_RETURN_TYPE = YES_ERROR;
				GCC_WARN_UNDECLARED_SELECTOR = YES;
				GCC_WARN_UNINITIALIZED_AUTOS = YES_AGGRESSIVE;
				GCC_WARN_UNUSED_FUNCTION = YES;
				GCC_WARN_UNUSED_VARIABLE = YES;
				IPHONEOS_DEPLOYMENT_TARGET = 8.0;
				MTL_ENABLE_DEBUG_INFO = YES;
				ONLY_ACTIVE_ARCH = YES;
				SDKROOT = iphoneos;
			};
			name = Debug;
		};
		B60E530D1ABFB0CC0019505B /* Release */ = {
			isa = XCBuildConfiguration;
			buildSettings = {
				ALWAYS_SEARCH_USER_PATHS = NO;
				CLANG_CXX_LANGUAGE_STANDARD = "gnu++0x";
				CLANG_CXX_LIBRARY = "libc++";
				CLANG_ENABLE_MODULES = YES;
				CLANG_ENABLE_OBJC_ARC = YES;
				CLANG_WARN_BOOL_CONVERSION = YES;
				CLANG_WARN_CONSTANT_CONVERSION = YES;
				CLANG_WARN_DIRECT_OBJC_ISA_USAGE = YES_ERROR;
				CLANG_WARN_EMPTY_BODY = YES;
				CLANG_WARN_ENUM_CONVERSION = YES;
				CLANG_WARN_INT_CONVERSION = YES;
				CLANG_WARN_OBJC_ROOT_CLASS = YES_ERROR;
				CLANG_WARN_UNREACHABLE_CODE = YES;
				CLANG_WARN__DUPLICATE_METHOD_MATCH = YES;
				"CODE_SIGN_IDENTITY[sdk=iphoneos*]" = "iPhone Developer";
				COPY_PHASE_STRIP = NO;
				DEFINES_MODULE = YES;
				ENABLE_BITCODE = NO;
				ENABLE_NS_ASSERTIONS = NO;
				ENABLE_STRICT_OBJC_MSGSEND = YES;
				GCC_C_LANGUAGE_STANDARD = gnu99;
				GCC_WARN_64_TO_32_BIT_CONVERSION = YES;
				GCC_WARN_ABOUT_RETURN_TYPE = YES_ERROR;
				GCC_WARN_UNDECLARED_SELECTOR = YES;
				GCC_WARN_UNINITIALIZED_AUTOS = YES_AGGRESSIVE;
				GCC_WARN_UNUSED_FUNCTION = YES;
				GCC_WARN_UNUSED_VARIABLE = YES;
				IPHONEOS_DEPLOYMENT_TARGET = 8.0;
				MTL_ENABLE_DEBUG_INFO = NO;
				SDKROOT = iphoneos;
				VALIDATE_PRODUCT = YES;
			};
			name = Release;
		};
		B60E530F1ABFB0CC0019505B /* Debug */ = {
			isa = XCBuildConfiguration;
			baseConfigurationReference = F0D56873AAAC7A8C0ECF23D6 /* Pods-WGTD.debug.xcconfig */;
			buildSettings = {
				ASSETCATALOG_COMPILER_APPICON_NAME = AppIcon;
				CLANG_ENABLE_MODULES = YES;
				CODE_SIGN_IDENTITY = "iPhone Developer";
				"CODE_SIGN_IDENTITY[sdk=iphoneos*]" = "iPhone Developer";
				FRAMEWORK_SEARCH_PATHS = (
					"$(inherited)",
					"$(PROJECT_DIR)/WGTD",
					Radio,
					App,
					"$(PROJECT_DIR)/WGTD",
					Radio,
					App,
					"$(PROJECT_DIR)/WGTD",
					Radio,
					App,
				);
				HEADER_SEARCH_PATHS = (
					"$(inherited)",
					/Applications/Xcode.app/Contents/Developer/Toolchains/XcodeDefault.xctoolchain/usr/include,
					"$(SDKROOT)/usr/include/libxml2",
				);
				INFOPLIST_FILE = "WGTD Radio App/Info.plist";
				IPHONEOS_DEPLOYMENT_TARGET = 8.0;
				LD_RUNPATH_SEARCH_PATHS = "$(inherited) @executable_path/Frameworks";
				LIBRARY_SEARCH_PATHS = (
					"$(inherited)",
					"$(PROJECT_DIR)",
					"$(PROJECT_DIR)/WGTD",
					Radio,
					App/GoogleAnalytics,
					"$(PROJECT_DIR)/WGTD",
					Radio,
					App/GoogleAnalytics,
				);
				PRODUCT_BUNDLE_IDENTIFIER = "edu.uwp.WGTD-Radio";
				PRODUCT_NAME = "$(TARGET_NAME)";
				PROVISIONING_PROFILE = "";
				SWIFT_OBJC_BRIDGING_HEADER = "WGTD Radio App/WGTD-Bridging-Header.h";
				SWIFT_OPTIMIZATION_LEVEL = "-Onone";
			};
			name = Debug;
		};
		B60E53101ABFB0CC0019505B /* Release */ = {
			isa = XCBuildConfiguration;
			baseConfigurationReference = AEDC07FE91359C06D4A8527A /* Pods-WGTD.release.xcconfig */;
			buildSettings = {
				ASSETCATALOG_COMPILER_APPICON_NAME = AppIcon;
				CLANG_ENABLE_MODULES = YES;
				CODE_SIGN_IDENTITY = "iPhone Developer";
				"CODE_SIGN_IDENTITY[sdk=iphoneos*]" = "iPhone Developer";
				FRAMEWORK_SEARCH_PATHS = (
					"$(inherited)",
					"$(PROJECT_DIR)/WGTD",
					Radio,
					App,
					"$(PROJECT_DIR)/WGTD",
					Radio,
					App,
					"$(PROJECT_DIR)/WGTD",
					Radio,
					App,
				);
				HEADER_SEARCH_PATHS = (
					"$(inherited)",
					/Applications/Xcode.app/Contents/Developer/Toolchains/XcodeDefault.xctoolchain/usr/include,
					"$(SDKROOT)/usr/include/libxml2",
				);
				INFOPLIST_FILE = "WGTD Radio App/Info.plist";
				IPHONEOS_DEPLOYMENT_TARGET = 8.0;
				LD_RUNPATH_SEARCH_PATHS = "$(inherited) @executable_path/Frameworks";
				LIBRARY_SEARCH_PATHS = (
					"$(inherited)",
					"$(PROJECT_DIR)",
					"$(PROJECT_DIR)/WGTD",
					Radio,
					App/GoogleAnalytics,
					"$(PROJECT_DIR)/WGTD",
					Radio,
					App/GoogleAnalytics,
				);
				PRODUCT_BUNDLE_IDENTIFIER = "edu.uwp.WGTD-Radio";
				PRODUCT_NAME = "$(TARGET_NAME)";
				PROVISIONING_PROFILE = "";
				SWIFT_OBJC_BRIDGING_HEADER = "WGTD Radio App/WGTD-Bridging-Header.h";
			};
			name = Release;
		};
		B6FCA8811BFCAAC90046178C /* Debug */ = {
			isa = XCBuildConfiguration;
			baseConfigurationReference = F0D56873AAAC7A8C0ECF23D6 /* Pods-WGTD.debug.xcconfig */;
			buildSettings = {
				ASSETCATALOG_COMPILER_APPICON_NAME = "App Icon & Top Shelf Image";
				ASSETCATALOG_COMPILER_LAUNCHIMAGE_NAME = "Brand Assets";
				CLANG_ENABLE_MODULES = YES;
				CODE_SIGN_IDENTITY = "iPhone Developer";
				"CODE_SIGN_IDENTITY[sdk=appletvos*]" = "iPhone Developer";
				"CODE_SIGN_IDENTITY[sdk=iphoneos*]" = "iPhone Developer";
				ENABLE_BITCODE = YES;
				FRAMEWORK_SEARCH_PATHS = (
					"$(inherited)",
					"$(PROJECT_DIR)/WGTD",
					Radio,
					App,
					"$(PROJECT_DIR)/WGTD",
					Radio,
					App,
					"$(PROJECT_DIR)/WGTD",
					Radio,
					App,
				);
				HEADER_SEARCH_PATHS = (
					"$(inherited)",
					/Applications/Xcode.app/Contents/Developer/Toolchains/XcodeDefault.xctoolchain/usr/include,
					"$(SDKROOT)/usr/include/libxml2",
				);
				INFOPLIST_FILE = "WGTD copy-Info.plist";
				IPHONEOS_DEPLOYMENT_TARGET = 8.0;
				LD_RUNPATH_SEARCH_PATHS = "$(inherited) @executable_path/Frameworks";
				LIBRARY_SEARCH_PATHS = (
					"$(inherited)",
					"$(PROJECT_DIR)",
					"$(PROJECT_DIR)/WGTD",
					Radio,
					App/GoogleAnalytics,
					"$(PROJECT_DIR)/WGTD",
					Radio,
					App/GoogleAnalytics,
				);
				PRODUCT_BUNDLE_IDENTIFIER = "edu.uwp.WGTD-Radio-TV";
				PRODUCT_NAME = "$(TARGET_NAME)";
				PROVISIONING_PROFILE = "";
				SDKROOT = appletvos;
				SWIFT_OBJC_BRIDGING_HEADER = "WGTD Radio App/WGTD-Bridging-Header.h";
				SWIFT_OPTIMIZATION_LEVEL = "-Onone";
				TVOS_DEPLOYMENT_TARGET = 9.0;
			};
			name = Debug;
		};
		B6FCA8821BFCAAC90046178C /* Release */ = {
			isa = XCBuildConfiguration;
			baseConfigurationReference = AEDC07FE91359C06D4A8527A /* Pods-WGTD.release.xcconfig */;
			buildSettings = {
				ASSETCATALOG_COMPILER_APPICON_NAME = "App Icon & Top Shelf Image";
				ASSETCATALOG_COMPILER_LAUNCHIMAGE_NAME = "Brand Assets";
				CLANG_ENABLE_MODULES = YES;
				CODE_SIGN_IDENTITY = "iPhone Developer";
				"CODE_SIGN_IDENTITY[sdk=appletvos*]" = "iPhone Developer";
				"CODE_SIGN_IDENTITY[sdk=iphoneos*]" = "iPhone Developer";
				ENABLE_BITCODE = YES;
				FRAMEWORK_SEARCH_PATHS = (
					"$(inherited)",
					"$(PROJECT_DIR)/WGTD",
					Radio,
					App,
					"$(PROJECT_DIR)/WGTD",
					Radio,
					App,
					"$(PROJECT_DIR)/WGTD",
					Radio,
					App,
				);
				HEADER_SEARCH_PATHS = (
					"$(inherited)",
					/Applications/Xcode.app/Contents/Developer/Toolchains/XcodeDefault.xctoolchain/usr/include,
					"$(SDKROOT)/usr/include/libxml2",
				);
				INFOPLIST_FILE = "WGTD copy-Info.plist";
				IPHONEOS_DEPLOYMENT_TARGET = 8.0;
				LD_RUNPATH_SEARCH_PATHS = "$(inherited) @executable_path/Frameworks";
				LIBRARY_SEARCH_PATHS = (
					"$(inherited)",
					"$(PROJECT_DIR)",
					"$(PROJECT_DIR)/WGTD",
					Radio,
					App/GoogleAnalytics,
					"$(PROJECT_DIR)/WGTD",
					Radio,
					App/GoogleAnalytics,
				);
				PRODUCT_BUNDLE_IDENTIFIER = "edu.uwp.WGTD-Radio-TV";
				PRODUCT_NAME = "$(TARGET_NAME)";
				PROVISIONING_PROFILE = "";
				SDKROOT = appletvos;
				SWIFT_OBJC_BRIDGING_HEADER = "WGTD Radio App/WGTD-Bridging-Header.h";
				TVOS_DEPLOYMENT_TARGET = 9.0;
			};
			name = Release;
		};
/* End XCBuildConfiguration section */

/* Begin XCConfigurationList section */
		B60E52E61ABFB0CB0019505B /* Build configuration list for PBXProject "WGTD Radio App" */ = {
			isa = XCConfigurationList;
			buildConfigurations = (
				B60E530C1ABFB0CC0019505B /* Debug */,
				B60E530D1ABFB0CC0019505B /* Release */,
			);
			defaultConfigurationIsVisible = 0;
			defaultConfigurationName = Release;
		};
		B60E530E1ABFB0CC0019505B /* Build configuration list for PBXNativeTarget "WGTD" */ = {
			isa = XCConfigurationList;
			buildConfigurations = (
				B60E530F1ABFB0CC0019505B /* Debug */,
				B60E53101ABFB0CC0019505B /* Release */,
			);
			defaultConfigurationIsVisible = 0;
			defaultConfigurationName = Release;
		};
		B6FCA8801BFCAAC90046178C /* Build configuration list for PBXNativeTarget "WGTD TV" */ = {
			isa = XCConfigurationList;
			buildConfigurations = (
				B6FCA8811BFCAAC90046178C /* Debug */,
				B6FCA8821BFCAAC90046178C /* Release */,
			);
			defaultConfigurationIsVisible = 0;
			defaultConfigurationName = Release;
		};
/* End XCConfigurationList section */
	};
	rootObject = B60E52E31ABFB0CB0019505B /* Project object */;
}
